
Microsoft Visual Studio Solution File, Format Version 12.00
# Visual Studio 15
VisualStudioVersion = 15.0.26730.10
MinimumVisualStudioVersion = 10.0.40219.1
Project("{FAE04EC0-301F-11D3-BF4B-00C04F79EFBC}") = "Algorithm", "Algorithm\Algorithm.csproj", "{2107AC28-1CE1-49B8-B058-5FD7A47C73DF}"
EndProject
Project("{FAE04EC0-301F-11D3-BF4B-00C04F79EFBC}") = "API.Util", "API.Util\API.Util.csproj", "{E5F3DE68-3F6C-4023-83B9-752291D47B45}"
EndProject
Project("{2150E333-8FDC-42A3-9474-1A3956D46DE8}") = "CodeFights", "CodeFights", "{B3D2F5A3-D31E-434A-BE83-80B27D2EAA73}"
EndProject
Project("{2150E333-8FDC-42A3-9474-1A3956D46DE8}") = "BJ", "BJ", "{89CD928F-BF61-437D-BB64-3520F09D4F1C}"
EndProject
Project("{8BC9CEB8-8B4A-11D0-8D11-00A0C91BC942}") = "53.VaildTime", "Algorithm\CodeFights\53.vaildtime\53.vaildtime.vcxproj", "{771D20A3-A82C-49F3-912A-1CB04DB81B9D}"
EndProject
Project("{8BC9CEB8-8B4A-11D0-8D11-00A0C91BC942}") = "1932.숫자삼각형", "Algorithm\BJ\1932.숫자삼각형\1932.숫자삼각형.vcxproj", "{FA8D30DE-C2B2-437B-B107-0E1F936FFE9A}"
EndProject
Project("{8BC9CEB8-8B4A-11D0-8D11-00A0C91BC942}") = "2156.포도주 시식", "Algorithm\BJ\2156.포도주 시식\2156.포도주 시식.vcxproj", "{7DC38BB4-CB0C-4B30-B891-805BDAED8886}"
EndProject
Project("{8BC9CEB8-8B4A-11D0-8D11-00A0C91BC942}") = "1520.내리막 길", "Algorithm\BJ\1520.내리막 길\1520.내리막 길.vcxproj", "{903FA1E8-0C5F-49D0-B7DE-6A3C47AC2848}"
EndProject
Project("{8BC9CEB8-8B4A-11D0-8D11-00A0C91BC942}") = "7576.토마토", "Algorithm\BJ\7576.토마토\7576.토마토.vcxproj", "{1C03CCC5-E595-4132-B524-1284732C0C6B}"
EndProject
Project("{8BC9CEB8-8B4A-11D0-8D11-00A0C91BC942}") = "7569.토마토", "Algorithm\BJ\7569.토마토\7569.토마토.vcxproj", "{BD8BC228-9B21-424E-9876-A102260ADC0F}"
EndProject
Project("{8BC9CEB8-8B4A-11D0-8D11-00A0C91BC942}") = "54.sumUpNumbers", "Algorithm\CodeFights\54.sumUpNumbers\54.sumUpNumbers.vcxproj", "{9256021F-0407-4AE4-BD2B-CA4545A7BD2A}"
EndProject
Project("{8BC9CEB8-8B4A-11D0-8D11-00A0C91BC942}") = "1912.연속합", "Algorithm\BJ\1912.연속합\1912.연속합.vcxproj", "{FA1A77F5-8AC1-4B6F-B228-F2367E1DD592}"
EndProject
Project("{8BC9CEB8-8B4A-11D0-8D11-00A0C91BC942}") = "9461.파도반수열", "Algorithm\BJ\9461.파도반수열\9461.파도반수열.vcxproj", "{B15C77BB-1A3B-4C03-8468-D504E3E2FED9}"
EndProject
Project("{8BC9CEB8-8B4A-11D0-8D11-00A0C91BC942}") = "1057.토너먼트", "Algorithm\BJ\1057.토너먼트\1057.토너먼트.vcxproj", "{533E06BF-D20A-4631-A06B-6C31E507A97E}"
EndProject
Project("{8BC9CEB8-8B4A-11D0-8D11-00A0C91BC942}") = "1934.최소공배수", "Algorithm\BJ\1934.최소공배수\1934.최소공배수.vcxproj", "{1DFECC66-10D5-4BE7-ABB1-3DFBEFC19377}"
EndProject
Project("{8BC9CEB8-8B4A-11D0-8D11-00A0C91BC942}") = "13241.최소공배수", "Algorithm\BJ\13241.최소공배수\13241.최소공배수.vcxproj", "{6C4306B6-8E10-4047-AFCA-15F9F7163933}"
EndProject
Project("{8BC9CEB8-8B4A-11D0-8D11-00A0C91BC942}") = "55.DifferentSquares", "Algorithm\CodeFights\55.DifferentSquares\55.DifferentSquares.vcxproj", "{6C34735C-F692-48BA-862E-DCB0BCA0E5CB}"
EndProject
Global
	GlobalSection(SolutionConfigurationPlatforms) = preSolution
		Debug|Any CPU = Debug|Any CPU
		Debug|x64 = Debug|x64
		Debug|x86 = Debug|x86
		Release|Any CPU = Release|Any CPU
		Release|x64 = Release|x64
		Release|x86 = Release|x86
	EndGlobalSection
	GlobalSection(ProjectConfigurationPlatforms) = postSolution
		{2107AC28-1CE1-49B8-B058-5FD7A47C73DF}.Debug|Any CPU.ActiveCfg = Debug|Any CPU
		{2107AC28-1CE1-49B8-B058-5FD7A47C73DF}.Debug|Any CPU.Build.0 = Debug|Any CPU
		{2107AC28-1CE1-49B8-B058-5FD7A47C73DF}.Debug|x64.ActiveCfg = Debug|Any CPU
		{2107AC28-1CE1-49B8-B058-5FD7A47C73DF}.Debug|x64.Build.0 = Debug|Any CPU
		{2107AC28-1CE1-49B8-B058-5FD7A47C73DF}.Debug|x86.ActiveCfg = Debug|Any CPU
		{2107AC28-1CE1-49B8-B058-5FD7A47C73DF}.Debug|x86.Build.0 = Debug|Any CPU
		{2107AC28-1CE1-49B8-B058-5FD7A47C73DF}.Release|Any CPU.ActiveCfg = Release|Any CPU
		{2107AC28-1CE1-49B8-B058-5FD7A47C73DF}.Release|Any CPU.Build.0 = Release|Any CPU
		{2107AC28-1CE1-49B8-B058-5FD7A47C73DF}.Release|x64.ActiveCfg = Release|Any CPU
		{2107AC28-1CE1-49B8-B058-5FD7A47C73DF}.Release|x64.Build.0 = Release|Any CPU
		{2107AC28-1CE1-49B8-B058-5FD7A47C73DF}.Release|x86.ActiveCfg = Release|Any CPU
		{2107AC28-1CE1-49B8-B058-5FD7A47C73DF}.Release|x86.Build.0 = Release|Any CPU
		{E5F3DE68-3F6C-4023-83B9-752291D47B45}.Debug|Any CPU.ActiveCfg = Debug|Any CPU
		{E5F3DE68-3F6C-4023-83B9-752291D47B45}.Debug|Any CPU.Build.0 = Debug|Any CPU
		{E5F3DE68-3F6C-4023-83B9-752291D47B45}.Debug|x64.ActiveCfg = Debug|Any CPU
		{E5F3DE68-3F6C-4023-83B9-752291D47B45}.Debug|x64.Build.0 = Debug|Any CPU
		{E5F3DE68-3F6C-4023-83B9-752291D47B45}.Debug|x86.ActiveCfg = Debug|Any CPU
		{E5F3DE68-3F6C-4023-83B9-752291D47B45}.Debug|x86.Build.0 = Debug|Any CPU
		{E5F3DE68-3F6C-4023-83B9-752291D47B45}.Release|Any CPU.ActiveCfg = Release|Any CPU
		{E5F3DE68-3F6C-4023-83B9-752291D47B45}.Release|Any CPU.Build.0 = Release|Any CPU
		{E5F3DE68-3F6C-4023-83B9-752291D47B45}.Release|x64.ActiveCfg = Release|Any CPU
		{E5F3DE68-3F6C-4023-83B9-752291D47B45}.Release|x64.Build.0 = Release|Any CPU
		{E5F3DE68-3F6C-4023-83B9-752291D47B45}.Release|x86.ActiveCfg = Release|Any CPU
		{E5F3DE68-3F6C-4023-83B9-752291D47B45}.Release|x86.Build.0 = Release|Any CPU
		{771D20A3-A82C-49F3-912A-1CB04DB81B9D}.Debug|Any CPU.ActiveCfg = Debug|Win32
		{771D20A3-A82C-49F3-912A-1CB04DB81B9D}.Debug|x64.ActiveCfg = Debug|x64
		{771D20A3-A82C-49F3-912A-1CB04DB81B9D}.Debug|x64.Build.0 = Debug|x64
		{771D20A3-A82C-49F3-912A-1CB04DB81B9D}.Debug|x86.ActiveCfg = Debug|Win32
		{771D20A3-A82C-49F3-912A-1CB04DB81B9D}.Debug|x86.Build.0 = Debug|Win32
		{771D20A3-A82C-49F3-912A-1CB04DB81B9D}.Release|Any CPU.ActiveCfg = Release|Win32
		{771D20A3-A82C-49F3-912A-1CB04DB81B9D}.Release|x64.ActiveCfg = Release|x64
		{771D20A3-A82C-49F3-912A-1CB04DB81B9D}.Release|x64.Build.0 = Release|x64
		{771D20A3-A82C-49F3-912A-1CB04DB81B9D}.Release|x86.ActiveCfg = Release|Win32
		{771D20A3-A82C-49F3-912A-1CB04DB81B9D}.Release|x86.Build.0 = Release|Win32
		{FA8D30DE-C2B2-437B-B107-0E1F936FFE9A}.Debug|Any CPU.ActiveCfg = Debug|Win32
		{FA8D30DE-C2B2-437B-B107-0E1F936FFE9A}.Debug|x64.ActiveCfg = Debug|x64
		{FA8D30DE-C2B2-437B-B107-0E1F936FFE9A}.Debug|x64.Build.0 = Debug|x64
		{FA8D30DE-C2B2-437B-B107-0E1F936FFE9A}.Debug|x86.ActiveCfg = Debug|Win32
		{FA8D30DE-C2B2-437B-B107-0E1F936FFE9A}.Debug|x86.Build.0 = Debug|Win32
		{FA8D30DE-C2B2-437B-B107-0E1F936FFE9A}.Release|Any CPU.ActiveCfg = Release|Win32
		{FA8D30DE-C2B2-437B-B107-0E1F936FFE9A}.Release|x64.ActiveCfg = Release|x64
		{FA8D30DE-C2B2-437B-B107-0E1F936FFE9A}.Release|x64.Build.0 = Release|x64
		{FA8D30DE-C2B2-437B-B107-0E1F936FFE9A}.Release|x86.ActiveCfg = Release|Win32
		{FA8D30DE-C2B2-437B-B107-0E1F936FFE9A}.Release|x86.Build.0 = Release|Win32
		{7DC38BB4-CB0C-4B30-B891-805BDAED8886}.Debug|Any CPU.ActiveCfg = Debug|Win32
		{7DC38BB4-CB0C-4B30-B891-805BDAED8886}.Debug|x64.ActiveCfg = Debug|x64
		{7DC38BB4-CB0C-4B30-B891-805BDAED8886}.Debug|x64.Build.0 = Debug|x64
		{7DC38BB4-CB0C-4B30-B891-805BDAED8886}.Debug|x86.ActiveCfg = Debug|Win32
		{7DC38BB4-CB0C-4B30-B891-805BDAED8886}.Debug|x86.Build.0 = Debug|Win32
		{7DC38BB4-CB0C-4B30-B891-805BDAED8886}.Release|Any CPU.ActiveCfg = Release|Win32
		{7DC38BB4-CB0C-4B30-B891-805BDAED8886}.Release|x64.ActiveCfg = Release|x64
		{7DC38BB4-CB0C-4B30-B891-805BDAED8886}.Release|x64.Build.0 = Release|x64
		{7DC38BB4-CB0C-4B30-B891-805BDAED8886}.Release|x86.ActiveCfg = Release|Win32
		{7DC38BB4-CB0C-4B30-B891-805BDAED8886}.Release|x86.Build.0 = Release|Win32
		{903FA1E8-0C5F-49D0-B7DE-6A3C47AC2848}.Debug|Any CPU.ActiveCfg = Debug|Win32
		{903FA1E8-0C5F-49D0-B7DE-6A3C47AC2848}.Debug|x64.ActiveCfg = Debug|x64
		{903FA1E8-0C5F-49D0-B7DE-6A3C47AC2848}.Debug|x64.Build.0 = Debug|x64
		{903FA1E8-0C5F-49D0-B7DE-6A3C47AC2848}.Debug|x86.ActiveCfg = Debug|Win32
		{903FA1E8-0C5F-49D0-B7DE-6A3C47AC2848}.Debug|x86.Build.0 = Debug|Win32
		{903FA1E8-0C5F-49D0-B7DE-6A3C47AC2848}.Release|Any CPU.ActiveCfg = Release|Win32
		{903FA1E8-0C5F-49D0-B7DE-6A3C47AC2848}.Release|x64.ActiveCfg = Release|x64
		{903FA1E8-0C5F-49D0-B7DE-6A3C47AC2848}.Release|x64.Build.0 = Release|x64
		{903FA1E8-0C5F-49D0-B7DE-6A3C47AC2848}.Release|x86.ActiveCfg = Release|Win32
		{903FA1E8-0C5F-49D0-B7DE-6A3C47AC2848}.Release|x86.Build.0 = Release|Win32
		{1C03CCC5-E595-4132-B524-1284732C0C6B}.Debug|Any CPU.ActiveCfg = Debug|Win32
		{1C03CCC5-E595-4132-B524-1284732C0C6B}.Debug|x64.ActiveCfg = Debug|x64
		{1C03CCC5-E595-4132-B524-1284732C0C6B}.Debug|x64.Build.0 = Debug|x64
		{1C03CCC5-E595-4132-B524-1284732C0C6B}.Debug|x86.ActiveCfg = Debug|Win32
		{1C03CCC5-E595-4132-B524-1284732C0C6B}.Debug|x86.Build.0 = Debug|Win32
		{1C03CCC5-E595-4132-B524-1284732C0C6B}.Release|Any CPU.ActiveCfg = Release|Win32
		{1C03CCC5-E595-4132-B524-1284732C0C6B}.Release|x64.ActiveCfg = Release|x64
		{1C03CCC5-E595-4132-B524-1284732C0C6B}.Release|x64.Build.0 = Release|x64
		{1C03CCC5-E595-4132-B524-1284732C0C6B}.Release|x86.ActiveCfg = Release|Win32
		{1C03CCC5-E595-4132-B524-1284732C0C6B}.Release|x86.Build.0 = Release|Win32
		{BD8BC228-9B21-424E-9876-A102260ADC0F}.Debug|Any CPU.ActiveCfg = Debug|Win32
		{BD8BC228-9B21-424E-9876-A102260ADC0F}.Debug|x64.ActiveCfg = Debug|x64
		{BD8BC228-9B21-424E-9876-A102260ADC0F}.Debug|x64.Build.0 = Debug|x64
		{BD8BC228-9B21-424E-9876-A102260ADC0F}.Debug|x86.ActiveCfg = Debug|Win32
		{BD8BC228-9B21-424E-9876-A102260ADC0F}.Debug|x86.Build.0 = Debug|Win32
		{BD8BC228-9B21-424E-9876-A102260ADC0F}.Release|Any CPU.ActiveCfg = Release|Win32
		{BD8BC228-9B21-424E-9876-A102260ADC0F}.Release|x64.ActiveCfg = Release|x64
		{BD8BC228-9B21-424E-9876-A102260ADC0F}.Release|x64.Build.0 = Release|x64
		{BD8BC228-9B21-424E-9876-A102260ADC0F}.Release|x86.ActiveCfg = Release|Win32
		{BD8BC228-9B21-424E-9876-A102260ADC0F}.Release|x86.Build.0 = Release|Win32
		{9256021F-0407-4AE4-BD2B-CA4545A7BD2A}.Debug|Any CPU.ActiveCfg = Debug|Win32
		{9256021F-0407-4AE4-BD2B-CA4545A7BD2A}.Debug|x64.ActiveCfg = Debug|x64
		{9256021F-0407-4AE4-BD2B-CA4545A7BD2A}.Debug|x64.Build.0 = Debug|x64
		{9256021F-0407-4AE4-BD2B-CA4545A7BD2A}.Debug|x86.ActiveCfg = Debug|Win32
		{9256021F-0407-4AE4-BD2B-CA4545A7BD2A}.Debug|x86.Build.0 = Debug|Win32
		{9256021F-0407-4AE4-BD2B-CA4545A7BD2A}.Release|Any CPU.ActiveCfg = Release|Win32
		{9256021F-0407-4AE4-BD2B-CA4545A7BD2A}.Release|x64.ActiveCfg = Release|x64
		{9256021F-0407-4AE4-BD2B-CA4545A7BD2A}.Release|x64.Build.0 = Release|x64
		{9256021F-0407-4AE4-BD2B-CA4545A7BD2A}.Release|x86.ActiveCfg = Release|Win32
		{9256021F-0407-4AE4-BD2B-CA4545A7BD2A}.Release|x86.Build.0 = Release|Win32
		{FA1A77F5-8AC1-4B6F-B228-F2367E1DD592}.Debug|Any CPU.ActiveCfg = Debug|Win32
		{FA1A77F5-8AC1-4B6F-B228-F2367E1DD592}.Debug|x64.ActiveCfg = Debug|x64
		{FA1A77F5-8AC1-4B6F-B228-F2367E1DD592}.Debug|x64.Build.0 = Debug|x64
		{FA1A77F5-8AC1-4B6F-B228-F2367E1DD592}.Debug|x86.ActiveCfg = Debug|Win32
		{FA1A77F5-8AC1-4B6F-B228-F2367E1DD592}.Debug|x86.Build.0 = Debug|Win32
		{FA1A77F5-8AC1-4B6F-B228-F2367E1DD592}.Release|Any CPU.ActiveCfg = Release|Win32
		{FA1A77F5-8AC1-4B6F-B228-F2367E1DD592}.Release|x64.ActiveCfg = Release|x64
		{FA1A77F5-8AC1-4B6F-B228-F2367E1DD592}.Release|x64.Build.0 = Release|x64
		{FA1A77F5-8AC1-4B6F-B228-F2367E1DD592}.Release|x86.ActiveCfg = Release|Win32
		{FA1A77F5-8AC1-4B6F-B228-F2367E1DD592}.Release|x86.Build.0 = Release|Win32
		{B15C77BB-1A3B-4C03-8468-D504E3E2FED9}.Debug|Any CPU.ActiveCfg = Debug|Win32
		{B15C77BB-1A3B-4C03-8468-D504E3E2FED9}.Debug|x64.ActiveCfg = Debug|x64
		{B15C77BB-1A3B-4C03-8468-D504E3E2FED9}.Debug|x64.Build.0 = Debug|x64
		{B15C77BB-1A3B-4C03-8468-D504E3E2FED9}.Debug|x86.ActiveCfg = Debug|Win32
		{B15C77BB-1A3B-4C03-8468-D504E3E2FED9}.Debug|x86.Build.0 = Debug|Win32
		{B15C77BB-1A3B-4C03-8468-D504E3E2FED9}.Release|Any CPU.ActiveCfg = Release|Win32
		{B15C77BB-1A3B-4C03-8468-D504E3E2FED9}.Release|x64.ActiveCfg = Release|x64
		{B15C77BB-1A3B-4C03-8468-D504E3E2FED9}.Release|x64.Build.0 = Release|x64
		{B15C77BB-1A3B-4C03-8468-D504E3E2FED9}.Release|x86.ActiveCfg = Release|Win32
		{B15C77BB-1A3B-4C03-8468-D504E3E2FED9}.Release|x86.Build.0 = Release|Win32
		{533E06BF-D20A-4631-A06B-6C31E507A97E}.Debug|Any CPU.ActiveCfg = Debug|Win32
		{533E06BF-D20A-4631-A06B-6C31E507A97E}.Debug|x64.ActiveCfg = Debug|x64
		{533E06BF-D20A-4631-A06B-6C31E507A97E}.Debug|x64.Build.0 = Debug|x64
		{533E06BF-D20A-4631-A06B-6C31E507A97E}.Debug|x86.ActiveCfg = Debug|Win32
		{533E06BF-D20A-4631-A06B-6C31E507A97E}.Debug|x86.Build.0 = Debug|Win32
		{533E06BF-D20A-4631-A06B-6C31E507A97E}.Release|Any CPU.ActiveCfg = Release|Win32
		{533E06BF-D20A-4631-A06B-6C31E507A97E}.Release|x64.ActiveCfg = Release|x64
		{533E06BF-D20A-4631-A06B-6C31E507A97E}.Release|x64.Build.0 = Release|x64
		{533E06BF-D20A-4631-A06B-6C31E507A97E}.Release|x86.ActiveCfg = Release|Win32
		{533E06BF-D20A-4631-A06B-6C31E507A97E}.Release|x86.Build.0 = Release|Win32
		{1DFECC66-10D5-4BE7-ABB1-3DFBEFC19377}.Debug|Any CPU.ActiveCfg = Debug|Win32
		{1DFECC66-10D5-4BE7-ABB1-3DFBEFC19377}.Debug|x64.ActiveCfg = Debug|x64
		{1DFECC66-10D5-4BE7-ABB1-3DFBEFC19377}.Debug|x64.Build.0 = Debug|x64
		{1DFECC66-10D5-4BE7-ABB1-3DFBEFC19377}.Debug|x86.ActiveCfg = Debug|Win32
		{1DFECC66-10D5-4BE7-ABB1-3DFBEFC19377}.Debug|x86.Build.0 = Debug|Win32
		{1DFECC66-10D5-4BE7-ABB1-3DFBEFC19377}.Release|Any CPU.ActiveCfg = Release|Win32
		{1DFECC66-10D5-4BE7-ABB1-3DFBEFC19377}.Release|x64.ActiveCfg = Release|x64
		{1DFECC66-10D5-4BE7-ABB1-3DFBEFC19377}.Release|x64.Build.0 = Release|x64
		{1DFECC66-10D5-4BE7-ABB1-3DFBEFC19377}.Release|x86.ActiveCfg = Release|Win32
		{1DFECC66-10D5-4BE7-ABB1-3DFBEFC19377}.Release|x86.Build.0 = Release|Win32
		{6C4306B6-8E10-4047-AFCA-15F9F7163933}.Debug|Any CPU.ActiveCfg = Debug|Win32
		{6C4306B6-8E10-4047-AFCA-15F9F7163933}.Debug|x64.ActiveCfg = Debug|x64
		{6C4306B6-8E10-4047-AFCA-15F9F7163933}.Debug|x64.Build.0 = Debug|x64
		{6C4306B6-8E10-4047-AFCA-15F9F7163933}.Debug|x86.ActiveCfg = Debug|Win32
		{6C4306B6-8E10-4047-AFCA-15F9F7163933}.Debug|x86.Build.0 = Debug|Win32
		{6C4306B6-8E10-4047-AFCA-15F9F7163933}.Release|Any CPU.ActiveCfg = Release|Win32
		{6C4306B6-8E10-4047-AFCA-15F9F7163933}.Release|x64.ActiveCfg = Release|x64
		{6C4306B6-8E10-4047-AFCA-15F9F7163933}.Release|x64.Build.0 = Release|x64
		{6C4306B6-8E10-4047-AFCA-15F9F7163933}.Release|x86.ActiveCfg = Release|Win32
		{6C4306B6-8E10-4047-AFCA-15F9F7163933}.Release|x86.Build.0 = Release|Win32
		{6C34735C-F692-48BA-862E-DCB0BCA0E5CB}.Debug|Any CPU.ActiveCfg = Debug|Win32
		{6C34735C-F692-48BA-862E-DCB0BCA0E5CB}.Debug|x64.ActiveCfg = Debug|x64
		{6C34735C-F692-48BA-862E-DCB0BCA0E5CB}.Debug|x64.Build.0 = Debug|x64
		{6C34735C-F692-48BA-862E-DCB0BCA0E5CB}.Debug|x86.ActiveCfg = Debug|Win32
		{6C34735C-F692-48BA-862E-DCB0BCA0E5CB}.Debug|x86.Build.0 = Debug|Win32
		{6C34735C-F692-48BA-862E-DCB0BCA0E5CB}.Release|Any CPU.ActiveCfg = Release|Win32
		{6C34735C-F692-48BA-862E-DCB0BCA0E5CB}.Release|x64.ActiveCfg = Release|x64
		{6C34735C-F692-48BA-862E-DCB0BCA0E5CB}.Release|x64.Build.0 = Release|x64
		{6C34735C-F692-48BA-862E-DCB0BCA0E5CB}.Release|x86.ActiveCfg = Release|Win32
		{6C34735C-F692-48BA-862E-DCB0BCA0E5CB}.Release|x86.Build.0 = Release|Win32
	EndGlobalSection
	GlobalSection(SolutionProperties) = preSolution
		HideSolutionNode = FALSE
	EndGlobalSection
	GlobalSection(NestedProjects) = preSolution
		{771D20A3-A82C-49F3-912A-1CB04DB81B9D} = {B3D2F5A3-D31E-434A-BE83-80B27D2EAA73}
		{FA8D30DE-C2B2-437B-B107-0E1F936FFE9A} = {89CD928F-BF61-437D-BB64-3520F09D4F1C}
		{7DC38BB4-CB0C-4B30-B891-805BDAED8886} = {89CD928F-BF61-437D-BB64-3520F09D4F1C}
		{903FA1E8-0C5F-49D0-B7DE-6A3C47AC2848} = {89CD928F-BF61-437D-BB64-3520F09D4F1C}
		{1C03CCC5-E595-4132-B524-1284732C0C6B} = {89CD928F-BF61-437D-BB64-3520F09D4F1C}
		{BD8BC228-9B21-424E-9876-A102260ADC0F} = {89CD928F-BF61-437D-BB64-3520F09D4F1C}
		{9256021F-0407-4AE4-BD2B-CA4545A7BD2A} = {B3D2F5A3-D31E-434A-BE83-80B27D2EAA73}
		{FA1A77F5-8AC1-4B6F-B228-F2367E1DD592} = {89CD928F-BF61-437D-BB64-3520F09D4F1C}
		{B15C77BB-1A3B-4C03-8468-D504E3E2FED9} = {89CD928F-BF61-437D-BB64-3520F09D4F1C}
		{533E06BF-D20A-4631-A06B-6C31E507A97E} = {89CD928F-BF61-437D-BB64-3520F09D4F1C}
		{1DFECC66-10D5-4BE7-ABB1-3DFBEFC19377} = {89CD928F-BF61-437D-BB64-3520F09D4F1C}
		{6C4306B6-8E10-4047-AFCA-15F9F7163933} = {89CD928F-BF61-437D-BB64-3520F09D4F1C}
		{6C34735C-F692-48BA-862E-DCB0BCA0E5CB} = {B3D2F5A3-D31E-434A-BE83-80B27D2EAA73}
	EndGlobalSection
	GlobalSection(ExtensibilityGlobals) = postSolution
		SolutionGuid = {2E4A8E27-FD93-4267-AEEB-FA50FB6806FE}
	EndGlobalSection
EndGlobal
