
Microsoft Visual Studio Solution File, Format Version 12.00
# Visual Studio 15
VisualStudioVersion = 15.0.26730.10
MinimumVisualStudioVersion = 10.0.40219.1
Project("{FAE04EC0-301F-11D3-BF4B-00C04F79EFBC}") = "Algorithm", "Algorithm\Algorithm.csproj", "{2107AC28-1CE1-49B8-B058-5FD7A47C73DF}"
EndProject
Project("{FAE04EC0-301F-11D3-BF4B-00C04F79EFBC}") = "API.Util", "API.Util\API.Util.csproj", "{E5F3DE68-3F6C-4023-83B9-752291D47B45}"
EndProject
Project("{2150E333-8FDC-42A3-9474-1A3956D46DE8}") = "CodeFights", "CodeFights", "{B3D2F5A3-D31E-434A-BE83-80B27D2EAA73}"
EndProject
Project("{2150E333-8FDC-42A3-9474-1A3956D46DE8}") = "BJ", "BJ", "{89CD928F-BF61-437D-BB64-3520F09D4F1C}"
EndProject
Project("{8BC9CEB8-8B4A-11D0-8D11-00A0C91BC942}") = "1932.숫자삼각형", "Algorithm\BJ\1932.숫자삼각형\1932.숫자삼각형.vcxproj", "{FA8D30DE-C2B2-437B-B107-0E1F936FFE9A}"
EndProject
Project("{8BC9CEB8-8B4A-11D0-8D11-00A0C91BC942}") = "2156.포도주 시식", "Algorithm\BJ\2156.포도주 시식\2156.포도주 시식.vcxproj", "{7DC38BB4-CB0C-4B30-B891-805BDAED8886}"
EndProject
Project("{8BC9CEB8-8B4A-11D0-8D11-00A0C91BC942}") = "1520.내리막 길", "Algorithm\BJ\1520.내리막 길\1520.내리막 길.vcxproj", "{903FA1E8-0C5F-49D0-B7DE-6A3C47AC2848}"
EndProject
Project("{8BC9CEB8-8B4A-11D0-8D11-00A0C91BC942}") = "7576.토마토", "Algorithm\BJ\7576.토마토\7576.토마토.vcxproj", "{1C03CCC5-E595-4132-B524-1284732C0C6B}"
EndProject
Project("{8BC9CEB8-8B4A-11D0-8D11-00A0C91BC942}") = "7569.토마토", "Algorithm\BJ\7569.토마토\7569.토마토.vcxproj", "{BD8BC228-9B21-424E-9876-A102260ADC0F}"
EndProject
Project("{8BC9CEB8-8B4A-11D0-8D11-00A0C91BC942}") = "1912.연속합", "Algorithm\BJ\1912.연속합\1912.연속합.vcxproj", "{FA1A77F5-8AC1-4B6F-B228-F2367E1DD592}"
EndProject
Project("{8BC9CEB8-8B4A-11D0-8D11-00A0C91BC942}") = "9461.파도반수열", "Algorithm\BJ\9461.파도반수열\9461.파도반수열.vcxproj", "{B15C77BB-1A3B-4C03-8468-D504E3E2FED9}"
EndProject
Project("{8BC9CEB8-8B4A-11D0-8D11-00A0C91BC942}") = "1057.토너먼트", "Algorithm\BJ\1057.토너먼트\1057.토너먼트.vcxproj", "{533E06BF-D20A-4631-A06B-6C31E507A97E}"
EndProject
Project("{8BC9CEB8-8B4A-11D0-8D11-00A0C91BC942}") = "1934.최소공배수", "Algorithm\BJ\1934.최소공배수\1934.최소공배수.vcxproj", "{1DFECC66-10D5-4BE7-ABB1-3DFBEFC19377}"
EndProject
Project("{8BC9CEB8-8B4A-11D0-8D11-00A0C91BC942}") = "13241.최소공배수", "Algorithm\BJ\13241.최소공배수\13241.최소공배수.vcxproj", "{6C4306B6-8E10-4047-AFCA-15F9F7163933}"
EndProject
Project("{8BC9CEB8-8B4A-11D0-8D11-00A0C91BC942}") = "2178.미로탐색", "Algorithm\BJ\2178.미로탐색\2178.미로탐색.vcxproj", "{75CCE6DA-7D32-4E67-AF61-FBDCBB44A919}"
EndProject
Project("{8BC9CEB8-8B4A-11D0-8D11-00A0C91BC942}") = "1011.Fly me to the Alpha Centauri", "Algorithm\BJ\1011.Fly me to the Alpha Centauri\1011.Fly me to the Alpha Centauri.vcxproj", "{0308D925-50FD-4145-AAE3-613146E6D424}"
EndProject
Project("{8BC9CEB8-8B4A-11D0-8D11-00A0C91BC942}") = "6064.카잉 달력", "Algorithm\BJ\6064.카잉 달력\6064.카잉 달력.vcxproj", "{C4DCA339-1736-45C6-B832-7CEAD9D99E2D}"
EndProject
Project("{8BC9CEB8-8B4A-11D0-8D11-00A0C91BC942}") = "2438.별찍기 - 1", "Algorithm\BJ\2438.별찍기 - 1\2438.별찍기 - 1.vcxproj", "{9927E728-48FB-4F32-9CD9-1B82101A0C92}"
EndProject
Project("{8BC9CEB8-8B4A-11D0-8D11-00A0C91BC942}") = "9020.골드바흐의 추측", "Algorithm\BJ\9020.골드바흐의 추측\9020.골드바흐의 추측.vcxproj", "{6759B16D-4FA9-4501-94F5-E79AE4D28516}"
EndProject
Project("{8BC9CEB8-8B4A-11D0-8D11-00A0C91BC942}") = "2581.소수", "Algorithm\BJ\2581.소수\2581.소수.vcxproj", "{D51EADCE-20EA-4753-AC82-ED4A609F6833}"
EndProject
Project("{8BC9CEB8-8B4A-11D0-8D11-00A0C91BC942}") = "1929.소수 구하기", "Algorithm\BJ\1929.소수 구하기\1929.소수 구하기.vcxproj", "{12D5E653-2E9D-4799-BCDA-B13A50F09535}"
EndProject
Project("{2150E333-8FDC-42A3-9474-1A3956D46DE8}") = "Intro", "Intro", "{9E406185-6710-4041-A27D-772B1FB48CA4}"
EndProject
Project("{8BC9CEB8-8B4A-11D0-8D11-00A0C91BC942}") = "53.VaildTime", "Algorithm\CodeFights\Intro\53.VaildTime\53.VaildTime.vcxproj", "{771D20A3-A82C-49F3-912A-1CB04DB81B9D}"
EndProject
Project("{8BC9CEB8-8B4A-11D0-8D11-00A0C91BC942}") = "54.sumUpNumbers", "Algorithm\CodeFights\Intro\54.sumUpNumbers\54.sumUpNumbers.vcxproj", "{9256021F-0407-4AE4-BD2B-CA4545A7BD2A}"
EndProject
Project("{8BC9CEB8-8B4A-11D0-8D11-00A0C91BC942}") = "55.DifferentSquares", "Algorithm\CodeFights\Intro\55.DifferentSquares\55.DifferentSquares.vcxproj", "{6C34735C-F692-48BA-862E-DCB0BCA0E5CB}"
EndProject
Project("{8BC9CEB8-8B4A-11D0-8D11-00A0C91BC942}") = "56.DigitsProduct", "Algorithm\CodeFights\Intro\56.DigitsProduct\56.DigitsProduct.vcxproj", "{776039B0-716E-4AEB-8BD6-AF951A9246C3}"
EndProject
Project("{8BC9CEB8-8B4A-11D0-8D11-00A0C91BC942}") = "57.FileNaming", "Algorithm\CodeFights\Intro\57.FileNaming\57.FileNaming.vcxproj", "{0EBAD582-C4F2-4106-91EB-163824049975}"
EndProject
Project("{8BC9CEB8-8B4A-11D0-8D11-00A0C91BC942}") = "58.MessageFromBinaryCode", "Algorithm\CodeFights\Intro\58.MessageFromBinaryCode\58.MessageFromBinaryCode.vcxproj", "{359065A0-2481-41A3-8326-11F658925A59}"
EndProject
Project("{8BC9CEB8-8B4A-11D0-8D11-00A0C91BC942}") = "59.SpiralNumbers", "Algorithm\CodeFights\Intro\59.SpiralNumbers\59.SpiralNumbers.vcxproj", "{22B7A5E5-58C9-48CF-BE0A-7C3A3B792DC3}"
EndProject
Project("{8BC9CEB8-8B4A-11D0-8D11-00A0C91BC942}") = "60.Sudoku", "Algorithm\CodeFights\Intro\60.Sudoku\60.Sudoku.vcxproj", "{7C28B12B-68DA-40C6-B0E1-96C5A2C076AF}"
EndProject
Project("{2150E333-8FDC-42A3-9474-1A3956D46DE8}") = "TheCore", "TheCore", "{CEED6F36-50F8-4826-9187-FAA0A19D2A47}"
EndProject
Project("{8BC9CEB8-8B4A-11D0-8D11-00A0C91BC942}") = "1.AddTwoDigits", "Algorithm\CodeFights\TheCore\1.AddTwoDigits\1.AddTwoDigits.vcxproj", "{FACBA436-B3CC-47D3-AC16-3789394A1E0E}"
EndProject
Project("{8BC9CEB8-8B4A-11D0-8D11-00A0C91BC942}") = "2.LargestNumber", "Algorithm\CodeFights\TheCore\2.LargestNumber\2.LargestNumber.vcxproj", "{09AC178C-FE3C-44EF-A3B2-C8E5371E05F7}"
EndProject
Project("{8BC9CEB8-8B4A-11D0-8D11-00A0C91BC942}") = "3.Candies", "Algorithm\CodeFights\TheCore\3.Candies\3.Candies.vcxproj", "{9188DB30-D070-4A14-A15E-871E1D525CED}"
EndProject
Project("{8BC9CEB8-8B4A-11D0-8D11-00A0C91BC942}") = "4.SeatsInTheater", "Algorithm\CodeFights\TheCore\4.SeatsInTheater\4.SeatsInTheater.vcxproj", "{9E952497-8B7C-4E65-A422-CC6390D98B3A}"
EndProject
Project("{8BC9CEB8-8B4A-11D0-8D11-00A0C91BC942}") = "5.MaxMultiple", "Algorithm\CodeFights\TheCore\5.MaxMultiple\5.MaxMultiple.vcxproj", "{450DC318-07CF-4104-9774-6411977ED095}"
EndProject
Project("{8BC9CEB8-8B4A-11D0-8D11-00A0C91BC942}") = "2606.바이러스", "Algorithm\BJ\2606.바이러스\2606.바이러스.vcxproj", "{DF385DDC-918F-4F92-8065-C53996AFC3A2}"
EndProject
Project("{8BC9CEB8-8B4A-11D0-8D11-00A0C91BC942}") = "2667.단지번호붙이기", "Algorithm\BJ\2667.단지번호붙이기\2667.단지번호붙이기.vcxproj", "{CF607606-8198-4FAB-A820-A734B3C8CAB6}"
EndProject
Project("{8BC9CEB8-8B4A-11D0-8D11-00A0C91BC942}") = "9037.The Candy War", "Algorithm\BJ\9037.The Candy War\9037.The Candy War.vcxproj", "{CA5542C1-D4B4-471C-9B07-0E71A5AEFB07}"
EndProject
Project("{8BC9CEB8-8B4A-11D0-8D11-00A0C91BC942}") = "6.CircleOfNumbers", "Algorithm\CodeFights\TheCore\6.CircleOfNumbers\6.CircleOfNumbers.vcxproj", "{0BB4D96C-6BD2-4755-AC98-18AC3C89F80D}"
EndProject
Project("{8BC9CEB8-8B4A-11D0-8D11-00A0C91BC942}") = "11050.이항 계수 1", "Algorithm\BJ\11050.이항 계수 1\11050.이항 계수 1.vcxproj", "{D335ADFA-CD28-476A-94D5-D85B2C6BF21D}"
EndProject
Project("{8BC9CEB8-8B4A-11D0-8D11-00A0C91BC942}") = "11051.이항 계수 2", "Algorithm\BJ\11051.이항계수 2\11051.이항계수 2.vcxproj", "{878AD03D-6834-4476-80D3-17BE035CA6FB}"
EndProject
Project("{8BC9CEB8-8B4A-11D0-8D11-00A0C91BC942}") = "1038.감소하는 수", "Algorithm\BJ\1038.감소하는 수\1038.감소하는 수.vcxproj", "{26F2020E-C204-46C9-8661-22F04096DE99}"
EndProject
Project("{8BC9CEB8-8B4A-11D0-8D11-00A0C91BC942}") = "2309.일곱 난쟁이", "Algorithm\BJ\2309.일곱 난쟁이\2309.일곱 난쟁이.vcxproj", "{13347197-2716-4EB3-B0FC-0BD3F658FCEA}"
EndProject
Project("{8BC9CEB8-8B4A-11D0-8D11-00A0C91BC942}") = "8.phoneCall", "Algorithm\CodeFights\TheCore\8.phoneCall\8.phoneCall.vcxproj", "{2218EE5F-BCD2-4494-BBB3-28F1338C9D64}"
EndProject
Project("{8BC9CEB8-8B4A-11D0-8D11-00A0C91BC942}") = "1325.효율적인 해킹", "Algorithm\BJ\1325.효율적인 해킹\1325.효율적인 해킹.vcxproj", "{0E8212D5-B88F-4383-AC6B-6EDDA28D6001}"
EndProject
Project("{8BC9CEB8-8B4A-11D0-8D11-00A0C91BC942}") = "10451.순열 사이클", "Algorithm\BJ\10451.순열 사이클\10451.순열 사이클.vcxproj", "{B936E022-D44C-4F84-9299-77634BB94B23}"
EndProject
Project("{8BC9CEB8-8B4A-11D0-8D11-00A0C91BC942}") = "1890.점프", "Algorithm\BJ\1890.점프\1890.점프.vcxproj", "{E27E26C5-E201-4F94-B4A1-CF974CAD59E1}"
EndProject
Project("{8BC9CEB8-8B4A-11D0-8D11-00A0C91BC942}") = "1753.최단경로", "Algorithm\BJ\1753.최단경로\1753.최단경로.vcxproj", "{A4443091-6F2B-4D44-ACD0-A862518EAFEA}"
EndProject
Project("{8BC9CEB8-8B4A-11D0-8D11-00A0C91BC942}") = "7.LateRide", "Algorithm\CodeFights\TheCore\7.LateRide\7.LateRide.vcxproj", "{99B8D4E0-82E8-4B0A-A6B8-480FB7AA00D4}"
EndProject
Project("{8BC9CEB8-8B4A-11D0-8D11-00A0C91BC942}") = "9.reachNextLevel", "Algorithm\CodeFights\TheCore\9.reachNextLevel\9.reachNextLevel.vcxproj", "{F797A995-919C-4308-ADEC-68FF198D39B7}"
EndProject
Project("{8BC9CEB8-8B4A-11D0-8D11-00A0C91BC942}") = "10.knapsackLight", "Algorithm\CodeFights\TheCore\10.knapsackLight\10.knapsackLight.vcxproj", "{D5CCB715-04ED-4589-A1FD-EED8DD1E4A89}"
EndProject
Project("{8BC9CEB8-8B4A-11D0-8D11-00A0C91BC942}") = "11.extraNumber", "Algorithm\CodeFights\TheCore\11.extraNumber\11.extraNumber.vcxproj", "{41FEA6EF-16E2-472B-8049-62654CF621C8}"
EndProject
Project("{8BC9CEB8-8B4A-11D0-8D11-00A0C91BC942}") = "12.isInfiniteProcess", "Algorithm\CodeFights\TheCore\12.isInfiniteProcess\12.isInfiniteProcess.vcxproj", "{7A5FD81B-90AD-499A-AEB1-C713499FAD2B}"
EndProject
Project("{8BC9CEB8-8B4A-11D0-8D11-00A0C91BC942}") = "13.arithmeticExpression", "Algorithm\CodeFights\TheCore\13.arithmeticExpression\13.arithmeticExpression.vcxproj", "{D7C41140-90D6-4CE9-ADFE-EE5614C86B3D}"
EndProject
Project("{8BC9CEB8-8B4A-11D0-8D11-00A0C91BC942}") = "1504.특정한 최단 경로", "Algorithm\BJ\1504.특정한 최단 경로\1504.특정한 최단 경로.vcxproj", "{71BB9211-F53E-44B0-BE96-D12AADC4CF59}"
EndProject
Project("{8BC9CEB8-8B4A-11D0-8D11-00A0C91BC942}") = "6603.로또", "Algorithm\BJ\6603.로또\6603.로또.vcxproj", "{A89B241B-26BD-474F-A4C8-5E3DFD6291F9}"
EndProject
Project("{8BC9CEB8-8B4A-11D0-8D11-00A0C91BC942}") = "7568.덩치", "Algorithm\BJ\7568.덩치\7568.덩치.vcxproj", "{1A7CF28B-9B59-4FB3-9FAF-CAFF9CC30A7F}"
EndProject
Project("{8BC9CEB8-8B4A-11D0-8D11-00A0C91BC942}") = "1463.1로만들기", "Algorithm\BJ\1463.1로만들기\1463.1로만들기.vcxproj", "{714C3C33-E367-44B8-B135-0676D24BC1AD}"
EndProject
Project("{8BC9CEB8-8B4A-11D0-8D11-00A0C91BC942}") = "2912.백설공주와 난쟁이", "Algorithm\BJ\2912.백설공주와 난쟁이\2912.백설공주와 난쟁이.vcxproj", "{12DF64D2-7439-4958-86EF-B6A92F044E62}"
EndProject
Project("{8BC9CEB8-8B4A-11D0-8D11-00A0C91BC942}") = "11004.K번째 수", "Algorithm\BJ\11004.K번째 수\11004.K번째 수.vcxproj", "{CF694CAB-66DC-4D37-A597-BCF2904EB98C}"
EndProject
Project("{8BC9CEB8-8B4A-11D0-8D11-00A0C91BC942}") = "1780.종이의 개수", "Algorithm\BJ\1780.종이의 개수\1780.종이의 개수.vcxproj", "{01491418-E6A4-4846-80E7-6B4C7BA31684}"
EndProject
Project("{8BC9CEB8-8B4A-11D0-8D11-00A0C91BC942}") = "1920.수 찾기", "Algorithm\BJ\1920.수 찾기\1920.수 찾기.vcxproj", "{62241348-9EAE-47D7-94AB-1DCF5E08519C}"
EndProject
Project("{8BC9CEB8-8B4A-11D0-8D11-00A0C91BC942}") = "11066.파일 합치기", "Algorithm\BJ\11066.파일 합치기\11066.파일 합치기.vcxproj", "{F5718972-E39F-420E-B681-45BBD7CE8C2B}"
EndProject
Project("{8BC9CEB8-8B4A-11D0-8D11-00A0C91BC942}") = "9251.LCS", "Algorithm\BJ\9251.LCS\9251.LCS.vcxproj", "{19704AC7-C3D5-4C30-AB1F-A7A65FBECCA5}"
EndProject
Project("{8BC9CEB8-8B4A-11D0-8D11-00A0C91BC942}") = "9252.LCS2", "Algorithm\BJ\9252.LCS2\9252.LCS2.vcxproj", "{6DCDCDA9-3D05-4BAB-9564-9009391ECE7C}"
EndProject
Project("{8BC9CEB8-8B4A-11D0-8D11-00A0C91BC942}") = "2231.분해합", "Algorithm\BJ\2231\2231.vcxproj", "{4B4F428E-13F8-4552-9B39-9F48A77E941A}"
EndProject
Project("{8BC9CEB8-8B4A-11D0-8D11-00A0C91BC942}") = "1005.ACM", "Algorithm\BJ\1005.ACM\1005.ACM.vcxproj", "{096FD6B1-75EC-474B-8839-32383390B4CB}"
EndProject
Project("{8BC9CEB8-8B4A-11D0-8D11-00A0C91BC942}") = "1475.방번호", "Algorithm\BJ\1475.방번호\1475.방번호.vcxproj", "{CB83C697-0A44-4BB3-AD4D-CD9747204B1C}"
EndProject
Project("{8BC9CEB8-8B4A-11D0-8D11-00A0C91BC942}") = "1004.어린왕자", "Algorithm\BJ\1004.어린왕자\1004.어린왕자.vcxproj", "{8B13FDFF-1596-433E-AAF8-2ACF5A076A5C}"
EndProject
Project("{8BC9CEB8-8B4A-11D0-8D11-00A0C91BC942}") = "10216.CountCircleGroups", "Algorithm\BJ\10216.CountCircleGroups\10216.CountCircleGroups.vcxproj", "{7D93D944-92DF-492F-B02C-D3BE25FB4EEF}"
EndProject
Project("{8BC9CEB8-8B4A-11D0-8D11-00A0C91BC942}") = "3665.최종 순위", "Algorithm\BJ\3665.최종 순위\3665.최종 순위.vcxproj", "{1D71C122-672F-4E73-AEEF-E03FB0C6B5CE}"
EndProject
Project("{8BC9CEB8-8B4A-11D0-8D11-00A0C91BC942}") = "11399.ATM", "Algorithm\BJ\11399.ATM\11399.ATM.vcxproj", "{5B18AAB1-F9CA-4300-A5FC-CECFE9F814BD}"
EndProject
Project("{8BC9CEB8-8B4A-11D0-8D11-00A0C91BC942}") = "1931.회의실배정", "Algorithm\BJ\1931.회의실배정\1931.회의실배정.vcxproj", "{C9103EB0-01BB-4EB7-B329-516EFA6640E6}"
EndProject
Project("{8BC9CEB8-8B4A-11D0-8D11-00A0C91BC942}") = "4307.개미", "Algorithm\BJ\4307.개미\4307.개미.vcxproj", "{5A87808C-64C2-44FB-8A8F-19560B8A7D8C}"
EndProject
Project("{8BC9CEB8-8B4A-11D0-8D11-00A0C91BC942}") = "4673.셀프넘버", "Algorithm\BJ\4673.셀프넘버\4673.셀프넘버.vcxproj", "{4AD7A448-1897-4396-A465-AB23A77CC9DF}"
EndProject
Project("{8BC9CEB8-8B4A-11D0-8D11-00A0C91BC942}") = "2448.별찍기 - 11", "Algorithm\BJ\2448.별찍기\2448.별찍기.vcxproj", "{84E8B358-7D3B-4433-8A01-EDC7CEFED9BE}"
EndProject
Project("{8BC9CEB8-8B4A-11D0-8D11-00A0C91BC942}") = "2294.동전 2", "Algorithm\BJ\2294.동전 2\2294.동전 2.vcxproj", "{AFF30E75-5574-4BD4-8106-E215C0BC1D81}"
EndProject
Project("{8BC9CEB8-8B4A-11D0-8D11-00A0C91BC942}") = "11062.카드 게임", "Algorithm\BJ\11062.카드 게임\11062.카드 게임.vcxproj", "{092B92AE-99E5-4724-831C-1C49314D8AA9}"
EndProject
Project("{8BC9CEB8-8B4A-11D0-8D11-00A0C91BC942}") = "1786.찾기", "Algorithm\BJ\1786.찾기\1786.찾기.vcxproj", "{D914E730-6424-46EC-92A4-22E3790BDA64}"
EndProject
Project("{8BC9CEB8-8B4A-11D0-8D11-00A0C91BC942}") = "11657.타임머신", "Algorithm\BJ\11657.타임머신\11657.타임머신.vcxproj", "{290DC86D-2AF7-4AD4-A464-1AB737A40626}"
EndProject
Project("{8BC9CEB8-8B4A-11D0-8D11-00A0C91BC942}") = "5557.1학년", "Algorithm\BJ\5557.1학년\5557.1학년.vcxproj", "{00352664-A78F-416C-B3C7-A7ED051FDDE7}"
EndProject
Project("{8BC9CEB8-8B4A-11D0-8D11-00A0C91BC942}") = "1010.다리놓기", "Algorithm\BJ\1010.다리놓기\1010.다리놓기.vcxproj", "{F364400F-D94A-4A9B-9F03-9D0D955AFF18}"
EndProject
Project("{8BC9CEB8-8B4A-11D0-8D11-00A0C91BC942}") = "14.Tennis Set", "Algorithm\CodeFights\TheCore\10.Tennis Set\10.Tennis Set.vcxproj", "{7CF286D0-A697-48C9-B242-E9DE2F25C707}"
EndProject
Project("{8BC9CEB8-8B4A-11D0-8D11-00A0C91BC942}") = "15.WillYou", "15\15.vcxproj", "{63D9E190-6D03-4D45-9F03-996DF34C21C3}"
EndProject
Project("{8BC9CEB8-8B4A-11D0-8D11-00A0C91BC942}") = "16.metroCard", "Algorithm\CodeFights\TheCore\16.metroCard\16.metroCard.vcxproj", "{363B83EC-8B7C-4A02-8E97-B1ADC6072E74}"
EndProject
Project("{8BC9CEB8-8B4A-11D0-8D11-00A0C91BC942}") = "1766.문제집", "Algorithm\BJ\1766.문제집\1766.문제집.vcxproj", "{17641F3A-E4BF-4B93-8C01-B0F96879C88F}"
EndProject
Global
	GlobalSection(SolutionConfigurationPlatforms) = preSolution
		Debug|Any CPU = Debug|Any CPU
		Debug|x64 = Debug|x64
		Debug|x86 = Debug|x86
		Release|Any CPU = Release|Any CPU
		Release|x64 = Release|x64
		Release|x86 = Release|x86
	EndGlobalSection
	GlobalSection(ProjectConfigurationPlatforms) = postSolution
		{2107AC28-1CE1-49B8-B058-5FD7A47C73DF}.Debug|Any CPU.ActiveCfg = Debug|Any CPU
		{2107AC28-1CE1-49B8-B058-5FD7A47C73DF}.Debug|Any CPU.Build.0 = Debug|Any CPU
		{2107AC28-1CE1-49B8-B058-5FD7A47C73DF}.Debug|x64.ActiveCfg = Debug|Any CPU
		{2107AC28-1CE1-49B8-B058-5FD7A47C73DF}.Debug|x64.Build.0 = Debug|Any CPU
		{2107AC28-1CE1-49B8-B058-5FD7A47C73DF}.Debug|x86.ActiveCfg = Debug|Any CPU
		{2107AC28-1CE1-49B8-B058-5FD7A47C73DF}.Debug|x86.Build.0 = Debug|Any CPU
		{2107AC28-1CE1-49B8-B058-5FD7A47C73DF}.Release|Any CPU.ActiveCfg = Release|Any CPU
		{2107AC28-1CE1-49B8-B058-5FD7A47C73DF}.Release|Any CPU.Build.0 = Release|Any CPU
		{2107AC28-1CE1-49B8-B058-5FD7A47C73DF}.Release|x64.ActiveCfg = Release|Any CPU
		{2107AC28-1CE1-49B8-B058-5FD7A47C73DF}.Release|x64.Build.0 = Release|Any CPU
		{2107AC28-1CE1-49B8-B058-5FD7A47C73DF}.Release|x86.ActiveCfg = Release|Any CPU
		{2107AC28-1CE1-49B8-B058-5FD7A47C73DF}.Release|x86.Build.0 = Release|Any CPU
		{E5F3DE68-3F6C-4023-83B9-752291D47B45}.Debug|Any CPU.ActiveCfg = Debug|Any CPU
		{E5F3DE68-3F6C-4023-83B9-752291D47B45}.Debug|Any CPU.Build.0 = Debug|Any CPU
		{E5F3DE68-3F6C-4023-83B9-752291D47B45}.Debug|x64.ActiveCfg = Debug|Any CPU
		{E5F3DE68-3F6C-4023-83B9-752291D47B45}.Debug|x64.Build.0 = Debug|Any CPU
		{E5F3DE68-3F6C-4023-83B9-752291D47B45}.Debug|x86.ActiveCfg = Debug|Any CPU
		{E5F3DE68-3F6C-4023-83B9-752291D47B45}.Debug|x86.Build.0 = Debug|Any CPU
		{E5F3DE68-3F6C-4023-83B9-752291D47B45}.Release|Any CPU.ActiveCfg = Release|Any CPU
		{E5F3DE68-3F6C-4023-83B9-752291D47B45}.Release|Any CPU.Build.0 = Release|Any CPU
		{E5F3DE68-3F6C-4023-83B9-752291D47B45}.Release|x64.ActiveCfg = Release|Any CPU
		{E5F3DE68-3F6C-4023-83B9-752291D47B45}.Release|x64.Build.0 = Release|Any CPU
		{E5F3DE68-3F6C-4023-83B9-752291D47B45}.Release|x86.ActiveCfg = Release|Any CPU
		{E5F3DE68-3F6C-4023-83B9-752291D47B45}.Release|x86.Build.0 = Release|Any CPU
		{FA8D30DE-C2B2-437B-B107-0E1F936FFE9A}.Debug|Any CPU.ActiveCfg = Debug|Win32
		{FA8D30DE-C2B2-437B-B107-0E1F936FFE9A}.Debug|x64.ActiveCfg = Debug|x64
		{FA8D30DE-C2B2-437B-B107-0E1F936FFE9A}.Debug|x64.Build.0 = Debug|x64
		{FA8D30DE-C2B2-437B-B107-0E1F936FFE9A}.Debug|x86.ActiveCfg = Debug|Win32
		{FA8D30DE-C2B2-437B-B107-0E1F936FFE9A}.Debug|x86.Build.0 = Debug|Win32
		{FA8D30DE-C2B2-437B-B107-0E1F936FFE9A}.Release|Any CPU.ActiveCfg = Release|Win32
		{FA8D30DE-C2B2-437B-B107-0E1F936FFE9A}.Release|x64.ActiveCfg = Release|x64
		{FA8D30DE-C2B2-437B-B107-0E1F936FFE9A}.Release|x64.Build.0 = Release|x64
		{FA8D30DE-C2B2-437B-B107-0E1F936FFE9A}.Release|x86.ActiveCfg = Release|Win32
		{FA8D30DE-C2B2-437B-B107-0E1F936FFE9A}.Release|x86.Build.0 = Release|Win32
		{7DC38BB4-CB0C-4B30-B891-805BDAED8886}.Debug|Any CPU.ActiveCfg = Debug|Win32
		{7DC38BB4-CB0C-4B30-B891-805BDAED8886}.Debug|x64.ActiveCfg = Debug|x64
		{7DC38BB4-CB0C-4B30-B891-805BDAED8886}.Debug|x64.Build.0 = Debug|x64
		{7DC38BB4-CB0C-4B30-B891-805BDAED8886}.Debug|x86.ActiveCfg = Debug|Win32
		{7DC38BB4-CB0C-4B30-B891-805BDAED8886}.Debug|x86.Build.0 = Debug|Win32
		{7DC38BB4-CB0C-4B30-B891-805BDAED8886}.Release|Any CPU.ActiveCfg = Release|Win32
		{7DC38BB4-CB0C-4B30-B891-805BDAED8886}.Release|x64.ActiveCfg = Release|x64
		{7DC38BB4-CB0C-4B30-B891-805BDAED8886}.Release|x64.Build.0 = Release|x64
		{7DC38BB4-CB0C-4B30-B891-805BDAED8886}.Release|x86.ActiveCfg = Release|Win32
		{7DC38BB4-CB0C-4B30-B891-805BDAED8886}.Release|x86.Build.0 = Release|Win32
		{903FA1E8-0C5F-49D0-B7DE-6A3C47AC2848}.Debug|Any CPU.ActiveCfg = Debug|Win32
		{903FA1E8-0C5F-49D0-B7DE-6A3C47AC2848}.Debug|x64.ActiveCfg = Debug|x64
		{903FA1E8-0C5F-49D0-B7DE-6A3C47AC2848}.Debug|x64.Build.0 = Debug|x64
		{903FA1E8-0C5F-49D0-B7DE-6A3C47AC2848}.Debug|x86.ActiveCfg = Debug|Win32
		{903FA1E8-0C5F-49D0-B7DE-6A3C47AC2848}.Debug|x86.Build.0 = Debug|Win32
		{903FA1E8-0C5F-49D0-B7DE-6A3C47AC2848}.Release|Any CPU.ActiveCfg = Release|Win32
		{903FA1E8-0C5F-49D0-B7DE-6A3C47AC2848}.Release|x64.ActiveCfg = Release|x64
		{903FA1E8-0C5F-49D0-B7DE-6A3C47AC2848}.Release|x64.Build.0 = Release|x64
		{903FA1E8-0C5F-49D0-B7DE-6A3C47AC2848}.Release|x86.ActiveCfg = Release|Win32
		{903FA1E8-0C5F-49D0-B7DE-6A3C47AC2848}.Release|x86.Build.0 = Release|Win32
		{1C03CCC5-E595-4132-B524-1284732C0C6B}.Debug|Any CPU.ActiveCfg = Debug|Win32
		{1C03CCC5-E595-4132-B524-1284732C0C6B}.Debug|x64.ActiveCfg = Debug|x64
		{1C03CCC5-E595-4132-B524-1284732C0C6B}.Debug|x64.Build.0 = Debug|x64
		{1C03CCC5-E595-4132-B524-1284732C0C6B}.Debug|x86.ActiveCfg = Debug|Win32
		{1C03CCC5-E595-4132-B524-1284732C0C6B}.Debug|x86.Build.0 = Debug|Win32
		{1C03CCC5-E595-4132-B524-1284732C0C6B}.Release|Any CPU.ActiveCfg = Release|Win32
		{1C03CCC5-E595-4132-B524-1284732C0C6B}.Release|x64.ActiveCfg = Release|x64
		{1C03CCC5-E595-4132-B524-1284732C0C6B}.Release|x64.Build.0 = Release|x64
		{1C03CCC5-E595-4132-B524-1284732C0C6B}.Release|x86.ActiveCfg = Release|Win32
		{1C03CCC5-E595-4132-B524-1284732C0C6B}.Release|x86.Build.0 = Release|Win32
		{BD8BC228-9B21-424E-9876-A102260ADC0F}.Debug|Any CPU.ActiveCfg = Debug|Win32
		{BD8BC228-9B21-424E-9876-A102260ADC0F}.Debug|x64.ActiveCfg = Debug|x64
		{BD8BC228-9B21-424E-9876-A102260ADC0F}.Debug|x64.Build.0 = Debug|x64
		{BD8BC228-9B21-424E-9876-A102260ADC0F}.Debug|x86.ActiveCfg = Debug|Win32
		{BD8BC228-9B21-424E-9876-A102260ADC0F}.Debug|x86.Build.0 = Debug|Win32
		{BD8BC228-9B21-424E-9876-A102260ADC0F}.Release|Any CPU.ActiveCfg = Release|Win32
		{BD8BC228-9B21-424E-9876-A102260ADC0F}.Release|x64.ActiveCfg = Release|x64
		{BD8BC228-9B21-424E-9876-A102260ADC0F}.Release|x64.Build.0 = Release|x64
		{BD8BC228-9B21-424E-9876-A102260ADC0F}.Release|x86.ActiveCfg = Release|Win32
		{BD8BC228-9B21-424E-9876-A102260ADC0F}.Release|x86.Build.0 = Release|Win32
		{FA1A77F5-8AC1-4B6F-B228-F2367E1DD592}.Debug|Any CPU.ActiveCfg = Debug|Win32
		{FA1A77F5-8AC1-4B6F-B228-F2367E1DD592}.Debug|x64.ActiveCfg = Debug|x64
		{FA1A77F5-8AC1-4B6F-B228-F2367E1DD592}.Debug|x64.Build.0 = Debug|x64
		{FA1A77F5-8AC1-4B6F-B228-F2367E1DD592}.Debug|x86.ActiveCfg = Debug|Win32
		{FA1A77F5-8AC1-4B6F-B228-F2367E1DD592}.Debug|x86.Build.0 = Debug|Win32
		{FA1A77F5-8AC1-4B6F-B228-F2367E1DD592}.Release|Any CPU.ActiveCfg = Release|Win32
		{FA1A77F5-8AC1-4B6F-B228-F2367E1DD592}.Release|x64.ActiveCfg = Release|x64
		{FA1A77F5-8AC1-4B6F-B228-F2367E1DD592}.Release|x64.Build.0 = Release|x64
		{FA1A77F5-8AC1-4B6F-B228-F2367E1DD592}.Release|x86.ActiveCfg = Release|Win32
		{FA1A77F5-8AC1-4B6F-B228-F2367E1DD592}.Release|x86.Build.0 = Release|Win32
		{B15C77BB-1A3B-4C03-8468-D504E3E2FED9}.Debug|Any CPU.ActiveCfg = Debug|Win32
		{B15C77BB-1A3B-4C03-8468-D504E3E2FED9}.Debug|x64.ActiveCfg = Debug|x64
		{B15C77BB-1A3B-4C03-8468-D504E3E2FED9}.Debug|x64.Build.0 = Debug|x64
		{B15C77BB-1A3B-4C03-8468-D504E3E2FED9}.Debug|x86.ActiveCfg = Debug|Win32
		{B15C77BB-1A3B-4C03-8468-D504E3E2FED9}.Debug|x86.Build.0 = Debug|Win32
		{B15C77BB-1A3B-4C03-8468-D504E3E2FED9}.Release|Any CPU.ActiveCfg = Release|Win32
		{B15C77BB-1A3B-4C03-8468-D504E3E2FED9}.Release|x64.ActiveCfg = Release|x64
		{B15C77BB-1A3B-4C03-8468-D504E3E2FED9}.Release|x64.Build.0 = Release|x64
		{B15C77BB-1A3B-4C03-8468-D504E3E2FED9}.Release|x86.ActiveCfg = Release|Win32
		{B15C77BB-1A3B-4C03-8468-D504E3E2FED9}.Release|x86.Build.0 = Release|Win32
		{533E06BF-D20A-4631-A06B-6C31E507A97E}.Debug|Any CPU.ActiveCfg = Debug|Win32
		{533E06BF-D20A-4631-A06B-6C31E507A97E}.Debug|x64.ActiveCfg = Debug|x64
		{533E06BF-D20A-4631-A06B-6C31E507A97E}.Debug|x64.Build.0 = Debug|x64
		{533E06BF-D20A-4631-A06B-6C31E507A97E}.Debug|x86.ActiveCfg = Debug|Win32
		{533E06BF-D20A-4631-A06B-6C31E507A97E}.Debug|x86.Build.0 = Debug|Win32
		{533E06BF-D20A-4631-A06B-6C31E507A97E}.Release|Any CPU.ActiveCfg = Release|Win32
		{533E06BF-D20A-4631-A06B-6C31E507A97E}.Release|x64.ActiveCfg = Release|x64
		{533E06BF-D20A-4631-A06B-6C31E507A97E}.Release|x64.Build.0 = Release|x64
		{533E06BF-D20A-4631-A06B-6C31E507A97E}.Release|x86.ActiveCfg = Release|Win32
		{533E06BF-D20A-4631-A06B-6C31E507A97E}.Release|x86.Build.0 = Release|Win32
		{1DFECC66-10D5-4BE7-ABB1-3DFBEFC19377}.Debug|Any CPU.ActiveCfg = Debug|Win32
		{1DFECC66-10D5-4BE7-ABB1-3DFBEFC19377}.Debug|x64.ActiveCfg = Debug|x64
		{1DFECC66-10D5-4BE7-ABB1-3DFBEFC19377}.Debug|x64.Build.0 = Debug|x64
		{1DFECC66-10D5-4BE7-ABB1-3DFBEFC19377}.Debug|x86.ActiveCfg = Debug|Win32
		{1DFECC66-10D5-4BE7-ABB1-3DFBEFC19377}.Debug|x86.Build.0 = Debug|Win32
		{1DFECC66-10D5-4BE7-ABB1-3DFBEFC19377}.Release|Any CPU.ActiveCfg = Release|Win32
		{1DFECC66-10D5-4BE7-ABB1-3DFBEFC19377}.Release|x64.ActiveCfg = Release|x64
		{1DFECC66-10D5-4BE7-ABB1-3DFBEFC19377}.Release|x64.Build.0 = Release|x64
		{1DFECC66-10D5-4BE7-ABB1-3DFBEFC19377}.Release|x86.ActiveCfg = Release|Win32
		{1DFECC66-10D5-4BE7-ABB1-3DFBEFC19377}.Release|x86.Build.0 = Release|Win32
		{6C4306B6-8E10-4047-AFCA-15F9F7163933}.Debug|Any CPU.ActiveCfg = Debug|Win32
		{6C4306B6-8E10-4047-AFCA-15F9F7163933}.Debug|x64.ActiveCfg = Debug|x64
		{6C4306B6-8E10-4047-AFCA-15F9F7163933}.Debug|x64.Build.0 = Debug|x64
		{6C4306B6-8E10-4047-AFCA-15F9F7163933}.Debug|x86.ActiveCfg = Debug|Win32
		{6C4306B6-8E10-4047-AFCA-15F9F7163933}.Debug|x86.Build.0 = Debug|Win32
		{6C4306B6-8E10-4047-AFCA-15F9F7163933}.Release|Any CPU.ActiveCfg = Release|Win32
		{6C4306B6-8E10-4047-AFCA-15F9F7163933}.Release|x64.ActiveCfg = Release|x64
		{6C4306B6-8E10-4047-AFCA-15F9F7163933}.Release|x64.Build.0 = Release|x64
		{6C4306B6-8E10-4047-AFCA-15F9F7163933}.Release|x86.ActiveCfg = Release|Win32
		{6C4306B6-8E10-4047-AFCA-15F9F7163933}.Release|x86.Build.0 = Release|Win32
		{75CCE6DA-7D32-4E67-AF61-FBDCBB44A919}.Debug|Any CPU.ActiveCfg = Debug|Win32
		{75CCE6DA-7D32-4E67-AF61-FBDCBB44A919}.Debug|x64.ActiveCfg = Debug|x64
		{75CCE6DA-7D32-4E67-AF61-FBDCBB44A919}.Debug|x64.Build.0 = Debug|x64
		{75CCE6DA-7D32-4E67-AF61-FBDCBB44A919}.Debug|x86.ActiveCfg = Debug|Win32
		{75CCE6DA-7D32-4E67-AF61-FBDCBB44A919}.Debug|x86.Build.0 = Debug|Win32
		{75CCE6DA-7D32-4E67-AF61-FBDCBB44A919}.Release|Any CPU.ActiveCfg = Release|Win32
		{75CCE6DA-7D32-4E67-AF61-FBDCBB44A919}.Release|x64.ActiveCfg = Release|x64
		{75CCE6DA-7D32-4E67-AF61-FBDCBB44A919}.Release|x64.Build.0 = Release|x64
		{75CCE6DA-7D32-4E67-AF61-FBDCBB44A919}.Release|x86.ActiveCfg = Release|Win32
		{75CCE6DA-7D32-4E67-AF61-FBDCBB44A919}.Release|x86.Build.0 = Release|Win32
		{0308D925-50FD-4145-AAE3-613146E6D424}.Debug|Any CPU.ActiveCfg = Debug|Win32
		{0308D925-50FD-4145-AAE3-613146E6D424}.Debug|x64.ActiveCfg = Debug|x64
		{0308D925-50FD-4145-AAE3-613146E6D424}.Debug|x64.Build.0 = Debug|x64
		{0308D925-50FD-4145-AAE3-613146E6D424}.Debug|x86.ActiveCfg = Debug|Win32
		{0308D925-50FD-4145-AAE3-613146E6D424}.Debug|x86.Build.0 = Debug|Win32
		{0308D925-50FD-4145-AAE3-613146E6D424}.Release|Any CPU.ActiveCfg = Release|Win32
		{0308D925-50FD-4145-AAE3-613146E6D424}.Release|x64.ActiveCfg = Release|x64
		{0308D925-50FD-4145-AAE3-613146E6D424}.Release|x64.Build.0 = Release|x64
		{0308D925-50FD-4145-AAE3-613146E6D424}.Release|x86.ActiveCfg = Release|Win32
		{0308D925-50FD-4145-AAE3-613146E6D424}.Release|x86.Build.0 = Release|Win32
		{C4DCA339-1736-45C6-B832-7CEAD9D99E2D}.Debug|Any CPU.ActiveCfg = Debug|Win32
		{C4DCA339-1736-45C6-B832-7CEAD9D99E2D}.Debug|x64.ActiveCfg = Debug|x64
		{C4DCA339-1736-45C6-B832-7CEAD9D99E2D}.Debug|x64.Build.0 = Debug|x64
		{C4DCA339-1736-45C6-B832-7CEAD9D99E2D}.Debug|x86.ActiveCfg = Debug|Win32
		{C4DCA339-1736-45C6-B832-7CEAD9D99E2D}.Debug|x86.Build.0 = Debug|Win32
		{C4DCA339-1736-45C6-B832-7CEAD9D99E2D}.Release|Any CPU.ActiveCfg = Release|Win32
		{C4DCA339-1736-45C6-B832-7CEAD9D99E2D}.Release|x64.ActiveCfg = Release|x64
		{C4DCA339-1736-45C6-B832-7CEAD9D99E2D}.Release|x64.Build.0 = Release|x64
		{C4DCA339-1736-45C6-B832-7CEAD9D99E2D}.Release|x86.ActiveCfg = Release|Win32
		{C4DCA339-1736-45C6-B832-7CEAD9D99E2D}.Release|x86.Build.0 = Release|Win32
		{9927E728-48FB-4F32-9CD9-1B82101A0C92}.Debug|Any CPU.ActiveCfg = Debug|Win32
		{9927E728-48FB-4F32-9CD9-1B82101A0C92}.Debug|x64.ActiveCfg = Debug|x64
		{9927E728-48FB-4F32-9CD9-1B82101A0C92}.Debug|x64.Build.0 = Debug|x64
		{9927E728-48FB-4F32-9CD9-1B82101A0C92}.Debug|x86.ActiveCfg = Debug|Win32
		{9927E728-48FB-4F32-9CD9-1B82101A0C92}.Debug|x86.Build.0 = Debug|Win32
		{9927E728-48FB-4F32-9CD9-1B82101A0C92}.Release|Any CPU.ActiveCfg = Release|Win32
		{9927E728-48FB-4F32-9CD9-1B82101A0C92}.Release|x64.ActiveCfg = Release|x64
		{9927E728-48FB-4F32-9CD9-1B82101A0C92}.Release|x64.Build.0 = Release|x64
		{9927E728-48FB-4F32-9CD9-1B82101A0C92}.Release|x86.ActiveCfg = Release|Win32
		{9927E728-48FB-4F32-9CD9-1B82101A0C92}.Release|x86.Build.0 = Release|Win32
		{6759B16D-4FA9-4501-94F5-E79AE4D28516}.Debug|Any CPU.ActiveCfg = Debug|Win32
		{6759B16D-4FA9-4501-94F5-E79AE4D28516}.Debug|x64.ActiveCfg = Debug|x64
		{6759B16D-4FA9-4501-94F5-E79AE4D28516}.Debug|x64.Build.0 = Debug|x64
		{6759B16D-4FA9-4501-94F5-E79AE4D28516}.Debug|x86.ActiveCfg = Debug|Win32
		{6759B16D-4FA9-4501-94F5-E79AE4D28516}.Debug|x86.Build.0 = Debug|Win32
		{6759B16D-4FA9-4501-94F5-E79AE4D28516}.Release|Any CPU.ActiveCfg = Release|Win32
		{6759B16D-4FA9-4501-94F5-E79AE4D28516}.Release|x64.ActiveCfg = Release|x64
		{6759B16D-4FA9-4501-94F5-E79AE4D28516}.Release|x64.Build.0 = Release|x64
		{6759B16D-4FA9-4501-94F5-E79AE4D28516}.Release|x86.ActiveCfg = Release|Win32
		{6759B16D-4FA9-4501-94F5-E79AE4D28516}.Release|x86.Build.0 = Release|Win32
		{D51EADCE-20EA-4753-AC82-ED4A609F6833}.Debug|Any CPU.ActiveCfg = Debug|Win32
		{D51EADCE-20EA-4753-AC82-ED4A609F6833}.Debug|x64.ActiveCfg = Debug|x64
		{D51EADCE-20EA-4753-AC82-ED4A609F6833}.Debug|x64.Build.0 = Debug|x64
		{D51EADCE-20EA-4753-AC82-ED4A609F6833}.Debug|x86.ActiveCfg = Debug|Win32
		{D51EADCE-20EA-4753-AC82-ED4A609F6833}.Debug|x86.Build.0 = Debug|Win32
		{D51EADCE-20EA-4753-AC82-ED4A609F6833}.Release|Any CPU.ActiveCfg = Release|Win32
		{D51EADCE-20EA-4753-AC82-ED4A609F6833}.Release|x64.ActiveCfg = Release|x64
		{D51EADCE-20EA-4753-AC82-ED4A609F6833}.Release|x64.Build.0 = Release|x64
		{D51EADCE-20EA-4753-AC82-ED4A609F6833}.Release|x86.ActiveCfg = Release|Win32
		{D51EADCE-20EA-4753-AC82-ED4A609F6833}.Release|x86.Build.0 = Release|Win32
		{12D5E653-2E9D-4799-BCDA-B13A50F09535}.Debug|Any CPU.ActiveCfg = Debug|Win32
		{12D5E653-2E9D-4799-BCDA-B13A50F09535}.Debug|x64.ActiveCfg = Debug|x64
		{12D5E653-2E9D-4799-BCDA-B13A50F09535}.Debug|x64.Build.0 = Debug|x64
		{12D5E653-2E9D-4799-BCDA-B13A50F09535}.Debug|x86.ActiveCfg = Debug|Win32
		{12D5E653-2E9D-4799-BCDA-B13A50F09535}.Debug|x86.Build.0 = Debug|Win32
		{12D5E653-2E9D-4799-BCDA-B13A50F09535}.Release|Any CPU.ActiveCfg = Release|Win32
		{12D5E653-2E9D-4799-BCDA-B13A50F09535}.Release|x64.ActiveCfg = Release|x64
		{12D5E653-2E9D-4799-BCDA-B13A50F09535}.Release|x64.Build.0 = Release|x64
		{12D5E653-2E9D-4799-BCDA-B13A50F09535}.Release|x86.ActiveCfg = Release|Win32
		{12D5E653-2E9D-4799-BCDA-B13A50F09535}.Release|x86.Build.0 = Release|Win32
		{771D20A3-A82C-49F3-912A-1CB04DB81B9D}.Debug|Any CPU.ActiveCfg = Debug|Win32
		{771D20A3-A82C-49F3-912A-1CB04DB81B9D}.Debug|x64.ActiveCfg = Debug|x64
		{771D20A3-A82C-49F3-912A-1CB04DB81B9D}.Debug|x64.Build.0 = Debug|x64
		{771D20A3-A82C-49F3-912A-1CB04DB81B9D}.Debug|x86.ActiveCfg = Debug|Win32
		{771D20A3-A82C-49F3-912A-1CB04DB81B9D}.Debug|x86.Build.0 = Debug|Win32
		{771D20A3-A82C-49F3-912A-1CB04DB81B9D}.Release|Any CPU.ActiveCfg = Release|Win32
		{771D20A3-A82C-49F3-912A-1CB04DB81B9D}.Release|x64.ActiveCfg = Release|x64
		{771D20A3-A82C-49F3-912A-1CB04DB81B9D}.Release|x64.Build.0 = Release|x64
		{771D20A3-A82C-49F3-912A-1CB04DB81B9D}.Release|x86.ActiveCfg = Release|Win32
		{771D20A3-A82C-49F3-912A-1CB04DB81B9D}.Release|x86.Build.0 = Release|Win32
		{9256021F-0407-4AE4-BD2B-CA4545A7BD2A}.Debug|Any CPU.ActiveCfg = Debug|Win32
		{9256021F-0407-4AE4-BD2B-CA4545A7BD2A}.Debug|x64.ActiveCfg = Debug|x64
		{9256021F-0407-4AE4-BD2B-CA4545A7BD2A}.Debug|x64.Build.0 = Debug|x64
		{9256021F-0407-4AE4-BD2B-CA4545A7BD2A}.Debug|x86.ActiveCfg = Debug|Win32
		{9256021F-0407-4AE4-BD2B-CA4545A7BD2A}.Debug|x86.Build.0 = Debug|Win32
		{9256021F-0407-4AE4-BD2B-CA4545A7BD2A}.Release|Any CPU.ActiveCfg = Release|Win32
		{9256021F-0407-4AE4-BD2B-CA4545A7BD2A}.Release|x64.ActiveCfg = Release|x64
		{9256021F-0407-4AE4-BD2B-CA4545A7BD2A}.Release|x64.Build.0 = Release|x64
		{9256021F-0407-4AE4-BD2B-CA4545A7BD2A}.Release|x86.ActiveCfg = Release|Win32
		{9256021F-0407-4AE4-BD2B-CA4545A7BD2A}.Release|x86.Build.0 = Release|Win32
		{6C34735C-F692-48BA-862E-DCB0BCA0E5CB}.Debug|Any CPU.ActiveCfg = Debug|Win32
		{6C34735C-F692-48BA-862E-DCB0BCA0E5CB}.Debug|x64.ActiveCfg = Debug|x64
		{6C34735C-F692-48BA-862E-DCB0BCA0E5CB}.Debug|x64.Build.0 = Debug|x64
		{6C34735C-F692-48BA-862E-DCB0BCA0E5CB}.Debug|x86.ActiveCfg = Debug|Win32
		{6C34735C-F692-48BA-862E-DCB0BCA0E5CB}.Debug|x86.Build.0 = Debug|Win32
		{6C34735C-F692-48BA-862E-DCB0BCA0E5CB}.Release|Any CPU.ActiveCfg = Release|Win32
		{6C34735C-F692-48BA-862E-DCB0BCA0E5CB}.Release|x64.ActiveCfg = Release|x64
		{6C34735C-F692-48BA-862E-DCB0BCA0E5CB}.Release|x64.Build.0 = Release|x64
		{6C34735C-F692-48BA-862E-DCB0BCA0E5CB}.Release|x86.ActiveCfg = Release|Win32
		{6C34735C-F692-48BA-862E-DCB0BCA0E5CB}.Release|x86.Build.0 = Release|Win32
		{776039B0-716E-4AEB-8BD6-AF951A9246C3}.Debug|Any CPU.ActiveCfg = Debug|Win32
		{776039B0-716E-4AEB-8BD6-AF951A9246C3}.Debug|x64.ActiveCfg = Debug|x64
		{776039B0-716E-4AEB-8BD6-AF951A9246C3}.Debug|x64.Build.0 = Debug|x64
		{776039B0-716E-4AEB-8BD6-AF951A9246C3}.Debug|x86.ActiveCfg = Debug|Win32
		{776039B0-716E-4AEB-8BD6-AF951A9246C3}.Debug|x86.Build.0 = Debug|Win32
		{776039B0-716E-4AEB-8BD6-AF951A9246C3}.Release|Any CPU.ActiveCfg = Release|Win32
		{776039B0-716E-4AEB-8BD6-AF951A9246C3}.Release|x64.ActiveCfg = Release|x64
		{776039B0-716E-4AEB-8BD6-AF951A9246C3}.Release|x64.Build.0 = Release|x64
		{776039B0-716E-4AEB-8BD6-AF951A9246C3}.Release|x86.ActiveCfg = Release|Win32
		{776039B0-716E-4AEB-8BD6-AF951A9246C3}.Release|x86.Build.0 = Release|Win32
		{0EBAD582-C4F2-4106-91EB-163824049975}.Debug|Any CPU.ActiveCfg = Debug|Win32
		{0EBAD582-C4F2-4106-91EB-163824049975}.Debug|x64.ActiveCfg = Debug|x64
		{0EBAD582-C4F2-4106-91EB-163824049975}.Debug|x64.Build.0 = Debug|x64
		{0EBAD582-C4F2-4106-91EB-163824049975}.Debug|x86.ActiveCfg = Debug|Win32
		{0EBAD582-C4F2-4106-91EB-163824049975}.Debug|x86.Build.0 = Debug|Win32
		{0EBAD582-C4F2-4106-91EB-163824049975}.Release|Any CPU.ActiveCfg = Release|Win32
		{0EBAD582-C4F2-4106-91EB-163824049975}.Release|x64.ActiveCfg = Release|x64
		{0EBAD582-C4F2-4106-91EB-163824049975}.Release|x64.Build.0 = Release|x64
		{0EBAD582-C4F2-4106-91EB-163824049975}.Release|x86.ActiveCfg = Release|Win32
		{0EBAD582-C4F2-4106-91EB-163824049975}.Release|x86.Build.0 = Release|Win32
		{359065A0-2481-41A3-8326-11F658925A59}.Debug|Any CPU.ActiveCfg = Debug|Win32
		{359065A0-2481-41A3-8326-11F658925A59}.Debug|x64.ActiveCfg = Debug|x64
		{359065A0-2481-41A3-8326-11F658925A59}.Debug|x64.Build.0 = Debug|x64
		{359065A0-2481-41A3-8326-11F658925A59}.Debug|x86.ActiveCfg = Debug|Win32
		{359065A0-2481-41A3-8326-11F658925A59}.Debug|x86.Build.0 = Debug|Win32
		{359065A0-2481-41A3-8326-11F658925A59}.Release|Any CPU.ActiveCfg = Release|Win32
		{359065A0-2481-41A3-8326-11F658925A59}.Release|x64.ActiveCfg = Release|x64
		{359065A0-2481-41A3-8326-11F658925A59}.Release|x64.Build.0 = Release|x64
		{359065A0-2481-41A3-8326-11F658925A59}.Release|x86.ActiveCfg = Release|Win32
		{359065A0-2481-41A3-8326-11F658925A59}.Release|x86.Build.0 = Release|Win32
		{22B7A5E5-58C9-48CF-BE0A-7C3A3B792DC3}.Debug|Any CPU.ActiveCfg = Debug|Win32
		{22B7A5E5-58C9-48CF-BE0A-7C3A3B792DC3}.Debug|x64.ActiveCfg = Debug|x64
		{22B7A5E5-58C9-48CF-BE0A-7C3A3B792DC3}.Debug|x64.Build.0 = Debug|x64
		{22B7A5E5-58C9-48CF-BE0A-7C3A3B792DC3}.Debug|x86.ActiveCfg = Debug|Win32
		{22B7A5E5-58C9-48CF-BE0A-7C3A3B792DC3}.Debug|x86.Build.0 = Debug|Win32
		{22B7A5E5-58C9-48CF-BE0A-7C3A3B792DC3}.Release|Any CPU.ActiveCfg = Release|Win32
		{22B7A5E5-58C9-48CF-BE0A-7C3A3B792DC3}.Release|x64.ActiveCfg = Release|x64
		{22B7A5E5-58C9-48CF-BE0A-7C3A3B792DC3}.Release|x64.Build.0 = Release|x64
		{22B7A5E5-58C9-48CF-BE0A-7C3A3B792DC3}.Release|x86.ActiveCfg = Release|Win32
		{22B7A5E5-58C9-48CF-BE0A-7C3A3B792DC3}.Release|x86.Build.0 = Release|Win32
		{7C28B12B-68DA-40C6-B0E1-96C5A2C076AF}.Debug|Any CPU.ActiveCfg = Debug|Win32
		{7C28B12B-68DA-40C6-B0E1-96C5A2C076AF}.Debug|x64.ActiveCfg = Debug|x64
		{7C28B12B-68DA-40C6-B0E1-96C5A2C076AF}.Debug|x64.Build.0 = Debug|x64
		{7C28B12B-68DA-40C6-B0E1-96C5A2C076AF}.Debug|x86.ActiveCfg = Debug|Win32
		{7C28B12B-68DA-40C6-B0E1-96C5A2C076AF}.Debug|x86.Build.0 = Debug|Win32
		{7C28B12B-68DA-40C6-B0E1-96C5A2C076AF}.Release|Any CPU.ActiveCfg = Release|Win32
		{7C28B12B-68DA-40C6-B0E1-96C5A2C076AF}.Release|x64.ActiveCfg = Release|x64
		{7C28B12B-68DA-40C6-B0E1-96C5A2C076AF}.Release|x64.Build.0 = Release|x64
		{7C28B12B-68DA-40C6-B0E1-96C5A2C076AF}.Release|x86.ActiveCfg = Release|Win32
		{7C28B12B-68DA-40C6-B0E1-96C5A2C076AF}.Release|x86.Build.0 = Release|Win32
		{FACBA436-B3CC-47D3-AC16-3789394A1E0E}.Debug|Any CPU.ActiveCfg = Debug|Win32
		{FACBA436-B3CC-47D3-AC16-3789394A1E0E}.Debug|x64.ActiveCfg = Debug|x64
		{FACBA436-B3CC-47D3-AC16-3789394A1E0E}.Debug|x64.Build.0 = Debug|x64
		{FACBA436-B3CC-47D3-AC16-3789394A1E0E}.Debug|x86.ActiveCfg = Debug|Win32
		{FACBA436-B3CC-47D3-AC16-3789394A1E0E}.Debug|x86.Build.0 = Debug|Win32
		{FACBA436-B3CC-47D3-AC16-3789394A1E0E}.Release|Any CPU.ActiveCfg = Release|Win32
		{FACBA436-B3CC-47D3-AC16-3789394A1E0E}.Release|x64.ActiveCfg = Release|x64
		{FACBA436-B3CC-47D3-AC16-3789394A1E0E}.Release|x64.Build.0 = Release|x64
		{FACBA436-B3CC-47D3-AC16-3789394A1E0E}.Release|x86.ActiveCfg = Release|Win32
		{FACBA436-B3CC-47D3-AC16-3789394A1E0E}.Release|x86.Build.0 = Release|Win32
		{09AC178C-FE3C-44EF-A3B2-C8E5371E05F7}.Debug|Any CPU.ActiveCfg = Debug|Win32
		{09AC178C-FE3C-44EF-A3B2-C8E5371E05F7}.Debug|x64.ActiveCfg = Debug|x64
		{09AC178C-FE3C-44EF-A3B2-C8E5371E05F7}.Debug|x64.Build.0 = Debug|x64
		{09AC178C-FE3C-44EF-A3B2-C8E5371E05F7}.Debug|x86.ActiveCfg = Debug|Win32
		{09AC178C-FE3C-44EF-A3B2-C8E5371E05F7}.Debug|x86.Build.0 = Debug|Win32
		{09AC178C-FE3C-44EF-A3B2-C8E5371E05F7}.Release|Any CPU.ActiveCfg = Release|Win32
		{09AC178C-FE3C-44EF-A3B2-C8E5371E05F7}.Release|x64.ActiveCfg = Release|x64
		{09AC178C-FE3C-44EF-A3B2-C8E5371E05F7}.Release|x64.Build.0 = Release|x64
		{09AC178C-FE3C-44EF-A3B2-C8E5371E05F7}.Release|x86.ActiveCfg = Release|Win32
		{09AC178C-FE3C-44EF-A3B2-C8E5371E05F7}.Release|x86.Build.0 = Release|Win32
		{9188DB30-D070-4A14-A15E-871E1D525CED}.Debug|Any CPU.ActiveCfg = Debug|Win32
		{9188DB30-D070-4A14-A15E-871E1D525CED}.Debug|x64.ActiveCfg = Debug|x64
		{9188DB30-D070-4A14-A15E-871E1D525CED}.Debug|x64.Build.0 = Debug|x64
		{9188DB30-D070-4A14-A15E-871E1D525CED}.Debug|x86.ActiveCfg = Debug|Win32
		{9188DB30-D070-4A14-A15E-871E1D525CED}.Debug|x86.Build.0 = Debug|Win32
		{9188DB30-D070-4A14-A15E-871E1D525CED}.Release|Any CPU.ActiveCfg = Release|Win32
		{9188DB30-D070-4A14-A15E-871E1D525CED}.Release|x64.ActiveCfg = Release|x64
		{9188DB30-D070-4A14-A15E-871E1D525CED}.Release|x64.Build.0 = Release|x64
		{9188DB30-D070-4A14-A15E-871E1D525CED}.Release|x86.ActiveCfg = Release|Win32
		{9188DB30-D070-4A14-A15E-871E1D525CED}.Release|x86.Build.0 = Release|Win32
		{9E952497-8B7C-4E65-A422-CC6390D98B3A}.Debug|Any CPU.ActiveCfg = Debug|Win32
		{9E952497-8B7C-4E65-A422-CC6390D98B3A}.Debug|x64.ActiveCfg = Debug|x64
		{9E952497-8B7C-4E65-A422-CC6390D98B3A}.Debug|x64.Build.0 = Debug|x64
		{9E952497-8B7C-4E65-A422-CC6390D98B3A}.Debug|x86.ActiveCfg = Debug|Win32
		{9E952497-8B7C-4E65-A422-CC6390D98B3A}.Debug|x86.Build.0 = Debug|Win32
		{9E952497-8B7C-4E65-A422-CC6390D98B3A}.Release|Any CPU.ActiveCfg = Release|Win32
		{9E952497-8B7C-4E65-A422-CC6390D98B3A}.Release|x64.ActiveCfg = Release|x64
		{9E952497-8B7C-4E65-A422-CC6390D98B3A}.Release|x64.Build.0 = Release|x64
		{9E952497-8B7C-4E65-A422-CC6390D98B3A}.Release|x86.ActiveCfg = Release|Win32
		{9E952497-8B7C-4E65-A422-CC6390D98B3A}.Release|x86.Build.0 = Release|Win32
		{450DC318-07CF-4104-9774-6411977ED095}.Debug|Any CPU.ActiveCfg = Debug|Win32
		{450DC318-07CF-4104-9774-6411977ED095}.Debug|x64.ActiveCfg = Debug|x64
		{450DC318-07CF-4104-9774-6411977ED095}.Debug|x64.Build.0 = Debug|x64
		{450DC318-07CF-4104-9774-6411977ED095}.Debug|x86.ActiveCfg = Debug|Win32
		{450DC318-07CF-4104-9774-6411977ED095}.Debug|x86.Build.0 = Debug|Win32
		{450DC318-07CF-4104-9774-6411977ED095}.Release|Any CPU.ActiveCfg = Release|Win32
		{450DC318-07CF-4104-9774-6411977ED095}.Release|x64.ActiveCfg = Release|x64
		{450DC318-07CF-4104-9774-6411977ED095}.Release|x64.Build.0 = Release|x64
		{450DC318-07CF-4104-9774-6411977ED095}.Release|x86.ActiveCfg = Release|Win32
		{450DC318-07CF-4104-9774-6411977ED095}.Release|x86.Build.0 = Release|Win32
		{DF385DDC-918F-4F92-8065-C53996AFC3A2}.Debug|Any CPU.ActiveCfg = Debug|Win32
		{DF385DDC-918F-4F92-8065-C53996AFC3A2}.Debug|x64.ActiveCfg = Debug|x64
		{DF385DDC-918F-4F92-8065-C53996AFC3A2}.Debug|x64.Build.0 = Debug|x64
		{DF385DDC-918F-4F92-8065-C53996AFC3A2}.Debug|x86.ActiveCfg = Debug|Win32
		{DF385DDC-918F-4F92-8065-C53996AFC3A2}.Debug|x86.Build.0 = Debug|Win32
		{DF385DDC-918F-4F92-8065-C53996AFC3A2}.Release|Any CPU.ActiveCfg = Release|Win32
		{DF385DDC-918F-4F92-8065-C53996AFC3A2}.Release|x64.ActiveCfg = Release|x64
		{DF385DDC-918F-4F92-8065-C53996AFC3A2}.Release|x64.Build.0 = Release|x64
		{DF385DDC-918F-4F92-8065-C53996AFC3A2}.Release|x86.ActiveCfg = Release|Win32
		{DF385DDC-918F-4F92-8065-C53996AFC3A2}.Release|x86.Build.0 = Release|Win32
		{CF607606-8198-4FAB-A820-A734B3C8CAB6}.Debug|Any CPU.ActiveCfg = Debug|Win32
		{CF607606-8198-4FAB-A820-A734B3C8CAB6}.Debug|x64.ActiveCfg = Debug|x64
		{CF607606-8198-4FAB-A820-A734B3C8CAB6}.Debug|x64.Build.0 = Debug|x64
		{CF607606-8198-4FAB-A820-A734B3C8CAB6}.Debug|x86.ActiveCfg = Debug|Win32
		{CF607606-8198-4FAB-A820-A734B3C8CAB6}.Debug|x86.Build.0 = Debug|Win32
		{CF607606-8198-4FAB-A820-A734B3C8CAB6}.Release|Any CPU.ActiveCfg = Release|Win32
		{CF607606-8198-4FAB-A820-A734B3C8CAB6}.Release|x64.ActiveCfg = Release|x64
		{CF607606-8198-4FAB-A820-A734B3C8CAB6}.Release|x64.Build.0 = Release|x64
		{CF607606-8198-4FAB-A820-A734B3C8CAB6}.Release|x86.ActiveCfg = Release|Win32
		{CF607606-8198-4FAB-A820-A734B3C8CAB6}.Release|x86.Build.0 = Release|Win32
		{CA5542C1-D4B4-471C-9B07-0E71A5AEFB07}.Debug|Any CPU.ActiveCfg = Debug|Win32
		{CA5542C1-D4B4-471C-9B07-0E71A5AEFB07}.Debug|x64.ActiveCfg = Debug|x64
		{CA5542C1-D4B4-471C-9B07-0E71A5AEFB07}.Debug|x64.Build.0 = Debug|x64
		{CA5542C1-D4B4-471C-9B07-0E71A5AEFB07}.Debug|x86.ActiveCfg = Debug|Win32
		{CA5542C1-D4B4-471C-9B07-0E71A5AEFB07}.Debug|x86.Build.0 = Debug|Win32
		{CA5542C1-D4B4-471C-9B07-0E71A5AEFB07}.Release|Any CPU.ActiveCfg = Release|Win32
		{CA5542C1-D4B4-471C-9B07-0E71A5AEFB07}.Release|x64.ActiveCfg = Release|x64
		{CA5542C1-D4B4-471C-9B07-0E71A5AEFB07}.Release|x64.Build.0 = Release|x64
		{CA5542C1-D4B4-471C-9B07-0E71A5AEFB07}.Release|x86.ActiveCfg = Release|Win32
		{CA5542C1-D4B4-471C-9B07-0E71A5AEFB07}.Release|x86.Build.0 = Release|Win32
		{0BB4D96C-6BD2-4755-AC98-18AC3C89F80D}.Debug|Any CPU.ActiveCfg = Debug|Win32
		{0BB4D96C-6BD2-4755-AC98-18AC3C89F80D}.Debug|x64.ActiveCfg = Debug|x64
		{0BB4D96C-6BD2-4755-AC98-18AC3C89F80D}.Debug|x64.Build.0 = Debug|x64
		{0BB4D96C-6BD2-4755-AC98-18AC3C89F80D}.Debug|x86.ActiveCfg = Debug|Win32
		{0BB4D96C-6BD2-4755-AC98-18AC3C89F80D}.Debug|x86.Build.0 = Debug|Win32
		{0BB4D96C-6BD2-4755-AC98-18AC3C89F80D}.Release|Any CPU.ActiveCfg = Release|Win32
		{0BB4D96C-6BD2-4755-AC98-18AC3C89F80D}.Release|x64.ActiveCfg = Release|x64
		{0BB4D96C-6BD2-4755-AC98-18AC3C89F80D}.Release|x64.Build.0 = Release|x64
		{0BB4D96C-6BD2-4755-AC98-18AC3C89F80D}.Release|x86.ActiveCfg = Release|Win32
		{0BB4D96C-6BD2-4755-AC98-18AC3C89F80D}.Release|x86.Build.0 = Release|Win32
		{D335ADFA-CD28-476A-94D5-D85B2C6BF21D}.Debug|Any CPU.ActiveCfg = Debug|Win32
		{D335ADFA-CD28-476A-94D5-D85B2C6BF21D}.Debug|x64.ActiveCfg = Debug|x64
		{D335ADFA-CD28-476A-94D5-D85B2C6BF21D}.Debug|x64.Build.0 = Debug|x64
		{D335ADFA-CD28-476A-94D5-D85B2C6BF21D}.Debug|x86.ActiveCfg = Debug|Win32
		{D335ADFA-CD28-476A-94D5-D85B2C6BF21D}.Debug|x86.Build.0 = Debug|Win32
		{D335ADFA-CD28-476A-94D5-D85B2C6BF21D}.Release|Any CPU.ActiveCfg = Release|Win32
		{D335ADFA-CD28-476A-94D5-D85B2C6BF21D}.Release|x64.ActiveCfg = Release|x64
		{D335ADFA-CD28-476A-94D5-D85B2C6BF21D}.Release|x64.Build.0 = Release|x64
		{D335ADFA-CD28-476A-94D5-D85B2C6BF21D}.Release|x86.ActiveCfg = Release|Win32
		{D335ADFA-CD28-476A-94D5-D85B2C6BF21D}.Release|x86.Build.0 = Release|Win32
		{878AD03D-6834-4476-80D3-17BE035CA6FB}.Debug|Any CPU.ActiveCfg = Debug|Win32
		{878AD03D-6834-4476-80D3-17BE035CA6FB}.Debug|x64.ActiveCfg = Debug|x64
		{878AD03D-6834-4476-80D3-17BE035CA6FB}.Debug|x64.Build.0 = Debug|x64
		{878AD03D-6834-4476-80D3-17BE035CA6FB}.Debug|x86.ActiveCfg = Debug|Win32
		{878AD03D-6834-4476-80D3-17BE035CA6FB}.Debug|x86.Build.0 = Debug|Win32
		{878AD03D-6834-4476-80D3-17BE035CA6FB}.Release|Any CPU.ActiveCfg = Release|Win32
		{878AD03D-6834-4476-80D3-17BE035CA6FB}.Release|x64.ActiveCfg = Release|x64
		{878AD03D-6834-4476-80D3-17BE035CA6FB}.Release|x64.Build.0 = Release|x64
		{878AD03D-6834-4476-80D3-17BE035CA6FB}.Release|x86.ActiveCfg = Release|Win32
		{878AD03D-6834-4476-80D3-17BE035CA6FB}.Release|x86.Build.0 = Release|Win32
		{26F2020E-C204-46C9-8661-22F04096DE99}.Debug|Any CPU.ActiveCfg = Debug|Win32
		{26F2020E-C204-46C9-8661-22F04096DE99}.Debug|x64.ActiveCfg = Debug|x64
		{26F2020E-C204-46C9-8661-22F04096DE99}.Debug|x64.Build.0 = Debug|x64
		{26F2020E-C204-46C9-8661-22F04096DE99}.Debug|x86.ActiveCfg = Debug|Win32
		{26F2020E-C204-46C9-8661-22F04096DE99}.Debug|x86.Build.0 = Debug|Win32
		{26F2020E-C204-46C9-8661-22F04096DE99}.Release|Any CPU.ActiveCfg = Release|Win32
		{26F2020E-C204-46C9-8661-22F04096DE99}.Release|x64.ActiveCfg = Release|x64
		{26F2020E-C204-46C9-8661-22F04096DE99}.Release|x64.Build.0 = Release|x64
		{26F2020E-C204-46C9-8661-22F04096DE99}.Release|x86.ActiveCfg = Release|Win32
		{26F2020E-C204-46C9-8661-22F04096DE99}.Release|x86.Build.0 = Release|Win32
		{13347197-2716-4EB3-B0FC-0BD3F658FCEA}.Debug|Any CPU.ActiveCfg = Debug|Win32
		{13347197-2716-4EB3-B0FC-0BD3F658FCEA}.Debug|x64.ActiveCfg = Debug|x64
		{13347197-2716-4EB3-B0FC-0BD3F658FCEA}.Debug|x64.Build.0 = Debug|x64
		{13347197-2716-4EB3-B0FC-0BD3F658FCEA}.Debug|x86.ActiveCfg = Debug|Win32
		{13347197-2716-4EB3-B0FC-0BD3F658FCEA}.Debug|x86.Build.0 = Debug|Win32
		{13347197-2716-4EB3-B0FC-0BD3F658FCEA}.Release|Any CPU.ActiveCfg = Release|Win32
		{13347197-2716-4EB3-B0FC-0BD3F658FCEA}.Release|x64.ActiveCfg = Release|x64
		{13347197-2716-4EB3-B0FC-0BD3F658FCEA}.Release|x64.Build.0 = Release|x64
		{13347197-2716-4EB3-B0FC-0BD3F658FCEA}.Release|x86.ActiveCfg = Release|Win32
		{13347197-2716-4EB3-B0FC-0BD3F658FCEA}.Release|x86.Build.0 = Release|Win32
		{2218EE5F-BCD2-4494-BBB3-28F1338C9D64}.Debug|Any CPU.ActiveCfg = Debug|Win32
		{2218EE5F-BCD2-4494-BBB3-28F1338C9D64}.Debug|x64.ActiveCfg = Debug|x64
		{2218EE5F-BCD2-4494-BBB3-28F1338C9D64}.Debug|x64.Build.0 = Debug|x64
		{2218EE5F-BCD2-4494-BBB3-28F1338C9D64}.Debug|x86.ActiveCfg = Debug|Win32
		{2218EE5F-BCD2-4494-BBB3-28F1338C9D64}.Debug|x86.Build.0 = Debug|Win32
		{2218EE5F-BCD2-4494-BBB3-28F1338C9D64}.Release|Any CPU.ActiveCfg = Release|Win32
		{2218EE5F-BCD2-4494-BBB3-28F1338C9D64}.Release|x64.ActiveCfg = Release|x64
		{2218EE5F-BCD2-4494-BBB3-28F1338C9D64}.Release|x64.Build.0 = Release|x64
		{2218EE5F-BCD2-4494-BBB3-28F1338C9D64}.Release|x86.ActiveCfg = Release|Win32
		{2218EE5F-BCD2-4494-BBB3-28F1338C9D64}.Release|x86.Build.0 = Release|Win32
		{0E8212D5-B88F-4383-AC6B-6EDDA28D6001}.Debug|Any CPU.ActiveCfg = Debug|Win32
		{0E8212D5-B88F-4383-AC6B-6EDDA28D6001}.Debug|x64.ActiveCfg = Debug|x64
		{0E8212D5-B88F-4383-AC6B-6EDDA28D6001}.Debug|x64.Build.0 = Debug|x64
		{0E8212D5-B88F-4383-AC6B-6EDDA28D6001}.Debug|x86.ActiveCfg = Debug|Win32
		{0E8212D5-B88F-4383-AC6B-6EDDA28D6001}.Debug|x86.Build.0 = Debug|Win32
		{0E8212D5-B88F-4383-AC6B-6EDDA28D6001}.Release|Any CPU.ActiveCfg = Release|Win32
		{0E8212D5-B88F-4383-AC6B-6EDDA28D6001}.Release|x64.ActiveCfg = Release|x64
		{0E8212D5-B88F-4383-AC6B-6EDDA28D6001}.Release|x64.Build.0 = Release|x64
		{0E8212D5-B88F-4383-AC6B-6EDDA28D6001}.Release|x86.ActiveCfg = Release|Win32
		{0E8212D5-B88F-4383-AC6B-6EDDA28D6001}.Release|x86.Build.0 = Release|Win32
		{B936E022-D44C-4F84-9299-77634BB94B23}.Debug|Any CPU.ActiveCfg = Debug|Win32
		{B936E022-D44C-4F84-9299-77634BB94B23}.Debug|x64.ActiveCfg = Debug|x64
		{B936E022-D44C-4F84-9299-77634BB94B23}.Debug|x64.Build.0 = Debug|x64
		{B936E022-D44C-4F84-9299-77634BB94B23}.Debug|x86.ActiveCfg = Debug|Win32
		{B936E022-D44C-4F84-9299-77634BB94B23}.Debug|x86.Build.0 = Debug|Win32
		{B936E022-D44C-4F84-9299-77634BB94B23}.Release|Any CPU.ActiveCfg = Release|Win32
		{B936E022-D44C-4F84-9299-77634BB94B23}.Release|x64.ActiveCfg = Release|x64
		{B936E022-D44C-4F84-9299-77634BB94B23}.Release|x64.Build.0 = Release|x64
		{B936E022-D44C-4F84-9299-77634BB94B23}.Release|x86.ActiveCfg = Release|Win32
		{B936E022-D44C-4F84-9299-77634BB94B23}.Release|x86.Build.0 = Release|Win32
		{E27E26C5-E201-4F94-B4A1-CF974CAD59E1}.Debug|Any CPU.ActiveCfg = Debug|Win32
		{E27E26C5-E201-4F94-B4A1-CF974CAD59E1}.Debug|x64.ActiveCfg = Debug|x64
		{E27E26C5-E201-4F94-B4A1-CF974CAD59E1}.Debug|x64.Build.0 = Debug|x64
		{E27E26C5-E201-4F94-B4A1-CF974CAD59E1}.Debug|x86.ActiveCfg = Debug|Win32
		{E27E26C5-E201-4F94-B4A1-CF974CAD59E1}.Debug|x86.Build.0 = Debug|Win32
		{E27E26C5-E201-4F94-B4A1-CF974CAD59E1}.Release|Any CPU.ActiveCfg = Release|Win32
		{E27E26C5-E201-4F94-B4A1-CF974CAD59E1}.Release|x64.ActiveCfg = Release|x64
		{E27E26C5-E201-4F94-B4A1-CF974CAD59E1}.Release|x64.Build.0 = Release|x64
		{E27E26C5-E201-4F94-B4A1-CF974CAD59E1}.Release|x86.ActiveCfg = Release|Win32
		{E27E26C5-E201-4F94-B4A1-CF974CAD59E1}.Release|x86.Build.0 = Release|Win32
		{A4443091-6F2B-4D44-ACD0-A862518EAFEA}.Debug|Any CPU.ActiveCfg = Debug|Win32
		{A4443091-6F2B-4D44-ACD0-A862518EAFEA}.Debug|x64.ActiveCfg = Debug|x64
		{A4443091-6F2B-4D44-ACD0-A862518EAFEA}.Debug|x64.Build.0 = Debug|x64
		{A4443091-6F2B-4D44-ACD0-A862518EAFEA}.Debug|x86.ActiveCfg = Debug|Win32
		{A4443091-6F2B-4D44-ACD0-A862518EAFEA}.Debug|x86.Build.0 = Debug|Win32
		{A4443091-6F2B-4D44-ACD0-A862518EAFEA}.Release|Any CPU.ActiveCfg = Release|Win32
		{A4443091-6F2B-4D44-ACD0-A862518EAFEA}.Release|x64.ActiveCfg = Release|x64
		{A4443091-6F2B-4D44-ACD0-A862518EAFEA}.Release|x64.Build.0 = Release|x64
		{A4443091-6F2B-4D44-ACD0-A862518EAFEA}.Release|x86.ActiveCfg = Release|Win32
		{A4443091-6F2B-4D44-ACD0-A862518EAFEA}.Release|x86.Build.0 = Release|Win32
		{99B8D4E0-82E8-4B0A-A6B8-480FB7AA00D4}.Debug|Any CPU.ActiveCfg = Debug|Win32
		{99B8D4E0-82E8-4B0A-A6B8-480FB7AA00D4}.Debug|x64.ActiveCfg = Debug|x64
		{99B8D4E0-82E8-4B0A-A6B8-480FB7AA00D4}.Debug|x64.Build.0 = Debug|x64
		{99B8D4E0-82E8-4B0A-A6B8-480FB7AA00D4}.Debug|x86.ActiveCfg = Debug|Win32
		{99B8D4E0-82E8-4B0A-A6B8-480FB7AA00D4}.Debug|x86.Build.0 = Debug|Win32
		{99B8D4E0-82E8-4B0A-A6B8-480FB7AA00D4}.Release|Any CPU.ActiveCfg = Release|Win32
		{99B8D4E0-82E8-4B0A-A6B8-480FB7AA00D4}.Release|x64.ActiveCfg = Release|x64
		{99B8D4E0-82E8-4B0A-A6B8-480FB7AA00D4}.Release|x64.Build.0 = Release|x64
		{99B8D4E0-82E8-4B0A-A6B8-480FB7AA00D4}.Release|x86.ActiveCfg = Release|Win32
		{99B8D4E0-82E8-4B0A-A6B8-480FB7AA00D4}.Release|x86.Build.0 = Release|Win32
		{F797A995-919C-4308-ADEC-68FF198D39B7}.Debug|Any CPU.ActiveCfg = Debug|Win32
		{F797A995-919C-4308-ADEC-68FF198D39B7}.Debug|x64.ActiveCfg = Debug|x64
		{F797A995-919C-4308-ADEC-68FF198D39B7}.Debug|x64.Build.0 = Debug|x64
		{F797A995-919C-4308-ADEC-68FF198D39B7}.Debug|x86.ActiveCfg = Debug|Win32
		{F797A995-919C-4308-ADEC-68FF198D39B7}.Debug|x86.Build.0 = Debug|Win32
		{F797A995-919C-4308-ADEC-68FF198D39B7}.Release|Any CPU.ActiveCfg = Release|Win32
		{F797A995-919C-4308-ADEC-68FF198D39B7}.Release|x64.ActiveCfg = Release|x64
		{F797A995-919C-4308-ADEC-68FF198D39B7}.Release|x64.Build.0 = Release|x64
		{F797A995-919C-4308-ADEC-68FF198D39B7}.Release|x86.ActiveCfg = Release|Win32
		{F797A995-919C-4308-ADEC-68FF198D39B7}.Release|x86.Build.0 = Release|Win32
		{D5CCB715-04ED-4589-A1FD-EED8DD1E4A89}.Debug|Any CPU.ActiveCfg = Debug|Win32
		{D5CCB715-04ED-4589-A1FD-EED8DD1E4A89}.Debug|x64.ActiveCfg = Debug|x64
		{D5CCB715-04ED-4589-A1FD-EED8DD1E4A89}.Debug|x64.Build.0 = Debug|x64
		{D5CCB715-04ED-4589-A1FD-EED8DD1E4A89}.Debug|x86.ActiveCfg = Debug|Win32
		{D5CCB715-04ED-4589-A1FD-EED8DD1E4A89}.Debug|x86.Build.0 = Debug|Win32
		{D5CCB715-04ED-4589-A1FD-EED8DD1E4A89}.Release|Any CPU.ActiveCfg = Release|Win32
		{D5CCB715-04ED-4589-A1FD-EED8DD1E4A89}.Release|x64.ActiveCfg = Release|x64
		{D5CCB715-04ED-4589-A1FD-EED8DD1E4A89}.Release|x64.Build.0 = Release|x64
		{D5CCB715-04ED-4589-A1FD-EED8DD1E4A89}.Release|x86.ActiveCfg = Release|Win32
		{D5CCB715-04ED-4589-A1FD-EED8DD1E4A89}.Release|x86.Build.0 = Release|Win32
		{41FEA6EF-16E2-472B-8049-62654CF621C8}.Debug|Any CPU.ActiveCfg = Debug|Win32
		{41FEA6EF-16E2-472B-8049-62654CF621C8}.Debug|x64.ActiveCfg = Debug|x64
		{41FEA6EF-16E2-472B-8049-62654CF621C8}.Debug|x64.Build.0 = Debug|x64
		{41FEA6EF-16E2-472B-8049-62654CF621C8}.Debug|x86.ActiveCfg = Debug|Win32
		{41FEA6EF-16E2-472B-8049-62654CF621C8}.Debug|x86.Build.0 = Debug|Win32
		{41FEA6EF-16E2-472B-8049-62654CF621C8}.Release|Any CPU.ActiveCfg = Release|Win32
		{41FEA6EF-16E2-472B-8049-62654CF621C8}.Release|x64.ActiveCfg = Release|x64
		{41FEA6EF-16E2-472B-8049-62654CF621C8}.Release|x64.Build.0 = Release|x64
		{41FEA6EF-16E2-472B-8049-62654CF621C8}.Release|x86.ActiveCfg = Release|Win32
		{41FEA6EF-16E2-472B-8049-62654CF621C8}.Release|x86.Build.0 = Release|Win32
		{7A5FD81B-90AD-499A-AEB1-C713499FAD2B}.Debug|Any CPU.ActiveCfg = Debug|Win32
		{7A5FD81B-90AD-499A-AEB1-C713499FAD2B}.Debug|x64.ActiveCfg = Debug|x64
		{7A5FD81B-90AD-499A-AEB1-C713499FAD2B}.Debug|x64.Build.0 = Debug|x64
		{7A5FD81B-90AD-499A-AEB1-C713499FAD2B}.Debug|x86.ActiveCfg = Debug|Win32
		{7A5FD81B-90AD-499A-AEB1-C713499FAD2B}.Debug|x86.Build.0 = Debug|Win32
		{7A5FD81B-90AD-499A-AEB1-C713499FAD2B}.Release|Any CPU.ActiveCfg = Release|Win32
		{7A5FD81B-90AD-499A-AEB1-C713499FAD2B}.Release|x64.ActiveCfg = Release|x64
		{7A5FD81B-90AD-499A-AEB1-C713499FAD2B}.Release|x64.Build.0 = Release|x64
		{7A5FD81B-90AD-499A-AEB1-C713499FAD2B}.Release|x86.ActiveCfg = Release|Win32
		{7A5FD81B-90AD-499A-AEB1-C713499FAD2B}.Release|x86.Build.0 = Release|Win32
		{D7C41140-90D6-4CE9-ADFE-EE5614C86B3D}.Debug|Any CPU.ActiveCfg = Debug|Win32
		{D7C41140-90D6-4CE9-ADFE-EE5614C86B3D}.Debug|x64.ActiveCfg = Debug|x64
		{D7C41140-90D6-4CE9-ADFE-EE5614C86B3D}.Debug|x64.Build.0 = Debug|x64
		{D7C41140-90D6-4CE9-ADFE-EE5614C86B3D}.Debug|x86.ActiveCfg = Debug|Win32
		{D7C41140-90D6-4CE9-ADFE-EE5614C86B3D}.Debug|x86.Build.0 = Debug|Win32
		{D7C41140-90D6-4CE9-ADFE-EE5614C86B3D}.Release|Any CPU.ActiveCfg = Release|Win32
		{D7C41140-90D6-4CE9-ADFE-EE5614C86B3D}.Release|x64.ActiveCfg = Release|x64
		{D7C41140-90D6-4CE9-ADFE-EE5614C86B3D}.Release|x64.Build.0 = Release|x64
		{D7C41140-90D6-4CE9-ADFE-EE5614C86B3D}.Release|x86.ActiveCfg = Release|Win32
		{D7C41140-90D6-4CE9-ADFE-EE5614C86B3D}.Release|x86.Build.0 = Release|Win32
		{71BB9211-F53E-44B0-BE96-D12AADC4CF59}.Debug|Any CPU.ActiveCfg = Debug|Win32
		{71BB9211-F53E-44B0-BE96-D12AADC4CF59}.Debug|x64.ActiveCfg = Debug|x64
		{71BB9211-F53E-44B0-BE96-D12AADC4CF59}.Debug|x64.Build.0 = Debug|x64
		{71BB9211-F53E-44B0-BE96-D12AADC4CF59}.Debug|x86.ActiveCfg = Debug|Win32
		{71BB9211-F53E-44B0-BE96-D12AADC4CF59}.Debug|x86.Build.0 = Debug|Win32
		{71BB9211-F53E-44B0-BE96-D12AADC4CF59}.Release|Any CPU.ActiveCfg = Release|Win32
		{71BB9211-F53E-44B0-BE96-D12AADC4CF59}.Release|x64.ActiveCfg = Release|x64
		{71BB9211-F53E-44B0-BE96-D12AADC4CF59}.Release|x64.Build.0 = Release|x64
		{71BB9211-F53E-44B0-BE96-D12AADC4CF59}.Release|x86.ActiveCfg = Release|Win32
		{71BB9211-F53E-44B0-BE96-D12AADC4CF59}.Release|x86.Build.0 = Release|Win32
		{A89B241B-26BD-474F-A4C8-5E3DFD6291F9}.Debug|Any CPU.ActiveCfg = Debug|Win32
		{A89B241B-26BD-474F-A4C8-5E3DFD6291F9}.Debug|x64.ActiveCfg = Debug|x64
		{A89B241B-26BD-474F-A4C8-5E3DFD6291F9}.Debug|x64.Build.0 = Debug|x64
		{A89B241B-26BD-474F-A4C8-5E3DFD6291F9}.Debug|x86.ActiveCfg = Debug|Win32
		{A89B241B-26BD-474F-A4C8-5E3DFD6291F9}.Debug|x86.Build.0 = Debug|Win32
		{A89B241B-26BD-474F-A4C8-5E3DFD6291F9}.Release|Any CPU.ActiveCfg = Release|Win32
		{A89B241B-26BD-474F-A4C8-5E3DFD6291F9}.Release|x64.ActiveCfg = Release|x64
		{A89B241B-26BD-474F-A4C8-5E3DFD6291F9}.Release|x64.Build.0 = Release|x64
		{A89B241B-26BD-474F-A4C8-5E3DFD6291F9}.Release|x86.ActiveCfg = Release|Win32
		{A89B241B-26BD-474F-A4C8-5E3DFD6291F9}.Release|x86.Build.0 = Release|Win32
		{1A7CF28B-9B59-4FB3-9FAF-CAFF9CC30A7F}.Debug|Any CPU.ActiveCfg = Debug|Win32
		{1A7CF28B-9B59-4FB3-9FAF-CAFF9CC30A7F}.Debug|x64.ActiveCfg = Debug|x64
		{1A7CF28B-9B59-4FB3-9FAF-CAFF9CC30A7F}.Debug|x64.Build.0 = Debug|x64
		{1A7CF28B-9B59-4FB3-9FAF-CAFF9CC30A7F}.Debug|x86.ActiveCfg = Debug|Win32
		{1A7CF28B-9B59-4FB3-9FAF-CAFF9CC30A7F}.Debug|x86.Build.0 = Debug|Win32
		{1A7CF28B-9B59-4FB3-9FAF-CAFF9CC30A7F}.Release|Any CPU.ActiveCfg = Release|Win32
		{1A7CF28B-9B59-4FB3-9FAF-CAFF9CC30A7F}.Release|x64.ActiveCfg = Release|x64
		{1A7CF28B-9B59-4FB3-9FAF-CAFF9CC30A7F}.Release|x64.Build.0 = Release|x64
		{1A7CF28B-9B59-4FB3-9FAF-CAFF9CC30A7F}.Release|x86.ActiveCfg = Release|Win32
		{1A7CF28B-9B59-4FB3-9FAF-CAFF9CC30A7F}.Release|x86.Build.0 = Release|Win32
		{714C3C33-E367-44B8-B135-0676D24BC1AD}.Debug|Any CPU.ActiveCfg = Debug|Win32
		{714C3C33-E367-44B8-B135-0676D24BC1AD}.Debug|x64.ActiveCfg = Debug|x64
		{714C3C33-E367-44B8-B135-0676D24BC1AD}.Debug|x64.Build.0 = Debug|x64
		{714C3C33-E367-44B8-B135-0676D24BC1AD}.Debug|x86.ActiveCfg = Debug|Win32
		{714C3C33-E367-44B8-B135-0676D24BC1AD}.Debug|x86.Build.0 = Debug|Win32
		{714C3C33-E367-44B8-B135-0676D24BC1AD}.Release|Any CPU.ActiveCfg = Release|Win32
		{714C3C33-E367-44B8-B135-0676D24BC1AD}.Release|x64.ActiveCfg = Release|x64
		{714C3C33-E367-44B8-B135-0676D24BC1AD}.Release|x64.Build.0 = Release|x64
		{714C3C33-E367-44B8-B135-0676D24BC1AD}.Release|x86.ActiveCfg = Release|Win32
		{714C3C33-E367-44B8-B135-0676D24BC1AD}.Release|x86.Build.0 = Release|Win32
		{12DF64D2-7439-4958-86EF-B6A92F044E62}.Debug|Any CPU.ActiveCfg = Debug|Win32
		{12DF64D2-7439-4958-86EF-B6A92F044E62}.Debug|x64.ActiveCfg = Debug|x64
		{12DF64D2-7439-4958-86EF-B6A92F044E62}.Debug|x64.Build.0 = Debug|x64
		{12DF64D2-7439-4958-86EF-B6A92F044E62}.Debug|x86.ActiveCfg = Debug|Win32
		{12DF64D2-7439-4958-86EF-B6A92F044E62}.Debug|x86.Build.0 = Debug|Win32
		{12DF64D2-7439-4958-86EF-B6A92F044E62}.Release|Any CPU.ActiveCfg = Release|Win32
		{12DF64D2-7439-4958-86EF-B6A92F044E62}.Release|x64.ActiveCfg = Release|x64
		{12DF64D2-7439-4958-86EF-B6A92F044E62}.Release|x64.Build.0 = Release|x64
		{12DF64D2-7439-4958-86EF-B6A92F044E62}.Release|x86.ActiveCfg = Release|Win32
		{12DF64D2-7439-4958-86EF-B6A92F044E62}.Release|x86.Build.0 = Release|Win32
		{CF694CAB-66DC-4D37-A597-BCF2904EB98C}.Debug|Any CPU.ActiveCfg = Debug|Win32
		{CF694CAB-66DC-4D37-A597-BCF2904EB98C}.Debug|x64.ActiveCfg = Debug|x64
		{CF694CAB-66DC-4D37-A597-BCF2904EB98C}.Debug|x64.Build.0 = Debug|x64
		{CF694CAB-66DC-4D37-A597-BCF2904EB98C}.Debug|x86.ActiveCfg = Debug|Win32
		{CF694CAB-66DC-4D37-A597-BCF2904EB98C}.Debug|x86.Build.0 = Debug|Win32
		{CF694CAB-66DC-4D37-A597-BCF2904EB98C}.Release|Any CPU.ActiveCfg = Release|Win32
		{CF694CAB-66DC-4D37-A597-BCF2904EB98C}.Release|x64.ActiveCfg = Release|x64
		{CF694CAB-66DC-4D37-A597-BCF2904EB98C}.Release|x64.Build.0 = Release|x64
		{CF694CAB-66DC-4D37-A597-BCF2904EB98C}.Release|x86.ActiveCfg = Release|Win32
		{CF694CAB-66DC-4D37-A597-BCF2904EB98C}.Release|x86.Build.0 = Release|Win32
		{01491418-E6A4-4846-80E7-6B4C7BA31684}.Debug|Any CPU.ActiveCfg = Debug|Win32
		{01491418-E6A4-4846-80E7-6B4C7BA31684}.Debug|x64.ActiveCfg = Debug|x64
		{01491418-E6A4-4846-80E7-6B4C7BA31684}.Debug|x64.Build.0 = Debug|x64
		{01491418-E6A4-4846-80E7-6B4C7BA31684}.Debug|x86.ActiveCfg = Debug|Win32
		{01491418-E6A4-4846-80E7-6B4C7BA31684}.Debug|x86.Build.0 = Debug|Win32
		{01491418-E6A4-4846-80E7-6B4C7BA31684}.Release|Any CPU.ActiveCfg = Release|Win32
		{01491418-E6A4-4846-80E7-6B4C7BA31684}.Release|x64.ActiveCfg = Release|x64
		{01491418-E6A4-4846-80E7-6B4C7BA31684}.Release|x64.Build.0 = Release|x64
		{01491418-E6A4-4846-80E7-6B4C7BA31684}.Release|x86.ActiveCfg = Release|Win32
		{01491418-E6A4-4846-80E7-6B4C7BA31684}.Release|x86.Build.0 = Release|Win32
		{62241348-9EAE-47D7-94AB-1DCF5E08519C}.Debug|Any CPU.ActiveCfg = Debug|Win32
		{62241348-9EAE-47D7-94AB-1DCF5E08519C}.Debug|x64.ActiveCfg = Debug|x64
		{62241348-9EAE-47D7-94AB-1DCF5E08519C}.Debug|x64.Build.0 = Debug|x64
		{62241348-9EAE-47D7-94AB-1DCF5E08519C}.Debug|x86.ActiveCfg = Debug|Win32
		{62241348-9EAE-47D7-94AB-1DCF5E08519C}.Debug|x86.Build.0 = Debug|Win32
		{62241348-9EAE-47D7-94AB-1DCF5E08519C}.Release|Any CPU.ActiveCfg = Release|Win32
		{62241348-9EAE-47D7-94AB-1DCF5E08519C}.Release|x64.ActiveCfg = Release|x64
		{62241348-9EAE-47D7-94AB-1DCF5E08519C}.Release|x64.Build.0 = Release|x64
		{62241348-9EAE-47D7-94AB-1DCF5E08519C}.Release|x86.ActiveCfg = Release|Win32
		{62241348-9EAE-47D7-94AB-1DCF5E08519C}.Release|x86.Build.0 = Release|Win32
		{F5718972-E39F-420E-B681-45BBD7CE8C2B}.Debug|Any CPU.ActiveCfg = Debug|Win32
		{F5718972-E39F-420E-B681-45BBD7CE8C2B}.Debug|x64.ActiveCfg = Debug|x64
		{F5718972-E39F-420E-B681-45BBD7CE8C2B}.Debug|x64.Build.0 = Debug|x64
		{F5718972-E39F-420E-B681-45BBD7CE8C2B}.Debug|x86.ActiveCfg = Debug|Win32
		{F5718972-E39F-420E-B681-45BBD7CE8C2B}.Debug|x86.Build.0 = Debug|Win32
		{F5718972-E39F-420E-B681-45BBD7CE8C2B}.Release|Any CPU.ActiveCfg = Release|Win32
		{F5718972-E39F-420E-B681-45BBD7CE8C2B}.Release|x64.ActiveCfg = Release|x64
		{F5718972-E39F-420E-B681-45BBD7CE8C2B}.Release|x64.Build.0 = Release|x64
		{F5718972-E39F-420E-B681-45BBD7CE8C2B}.Release|x86.ActiveCfg = Release|Win32
		{F5718972-E39F-420E-B681-45BBD7CE8C2B}.Release|x86.Build.0 = Release|Win32
		{19704AC7-C3D5-4C30-AB1F-A7A65FBECCA5}.Debug|Any CPU.ActiveCfg = Debug|Win32
		{19704AC7-C3D5-4C30-AB1F-A7A65FBECCA5}.Debug|x64.ActiveCfg = Debug|x64
		{19704AC7-C3D5-4C30-AB1F-A7A65FBECCA5}.Debug|x64.Build.0 = Debug|x64
		{19704AC7-C3D5-4C30-AB1F-A7A65FBECCA5}.Debug|x86.ActiveCfg = Debug|Win32
		{19704AC7-C3D5-4C30-AB1F-A7A65FBECCA5}.Debug|x86.Build.0 = Debug|Win32
		{19704AC7-C3D5-4C30-AB1F-A7A65FBECCA5}.Release|Any CPU.ActiveCfg = Release|Win32
		{19704AC7-C3D5-4C30-AB1F-A7A65FBECCA5}.Release|x64.ActiveCfg = Release|x64
		{19704AC7-C3D5-4C30-AB1F-A7A65FBECCA5}.Release|x64.Build.0 = Release|x64
		{19704AC7-C3D5-4C30-AB1F-A7A65FBECCA5}.Release|x86.ActiveCfg = Release|Win32
		{19704AC7-C3D5-4C30-AB1F-A7A65FBECCA5}.Release|x86.Build.0 = Release|Win32
		{6DCDCDA9-3D05-4BAB-9564-9009391ECE7C}.Debug|Any CPU.ActiveCfg = Debug|Win32
		{6DCDCDA9-3D05-4BAB-9564-9009391ECE7C}.Debug|x64.ActiveCfg = Debug|x64
		{6DCDCDA9-3D05-4BAB-9564-9009391ECE7C}.Debug|x64.Build.0 = Debug|x64
		{6DCDCDA9-3D05-4BAB-9564-9009391ECE7C}.Debug|x86.ActiveCfg = Debug|Win32
		{6DCDCDA9-3D05-4BAB-9564-9009391ECE7C}.Debug|x86.Build.0 = Debug|Win32
		{6DCDCDA9-3D05-4BAB-9564-9009391ECE7C}.Release|Any CPU.ActiveCfg = Release|Win32
		{6DCDCDA9-3D05-4BAB-9564-9009391ECE7C}.Release|x64.ActiveCfg = Release|x64
		{6DCDCDA9-3D05-4BAB-9564-9009391ECE7C}.Release|x64.Build.0 = Release|x64
		{6DCDCDA9-3D05-4BAB-9564-9009391ECE7C}.Release|x86.ActiveCfg = Release|Win32
		{6DCDCDA9-3D05-4BAB-9564-9009391ECE7C}.Release|x86.Build.0 = Release|Win32
		{4B4F428E-13F8-4552-9B39-9F48A77E941A}.Debug|Any CPU.ActiveCfg = Debug|Win32
		{4B4F428E-13F8-4552-9B39-9F48A77E941A}.Debug|x64.ActiveCfg = Debug|x64
		{4B4F428E-13F8-4552-9B39-9F48A77E941A}.Debug|x64.Build.0 = Debug|x64
		{4B4F428E-13F8-4552-9B39-9F48A77E941A}.Debug|x86.ActiveCfg = Debug|Win32
		{4B4F428E-13F8-4552-9B39-9F48A77E941A}.Debug|x86.Build.0 = Debug|Win32
		{4B4F428E-13F8-4552-9B39-9F48A77E941A}.Release|Any CPU.ActiveCfg = Release|Win32
		{4B4F428E-13F8-4552-9B39-9F48A77E941A}.Release|x64.ActiveCfg = Release|x64
		{4B4F428E-13F8-4552-9B39-9F48A77E941A}.Release|x64.Build.0 = Release|x64
		{4B4F428E-13F8-4552-9B39-9F48A77E941A}.Release|x86.ActiveCfg = Release|Win32
		{4B4F428E-13F8-4552-9B39-9F48A77E941A}.Release|x86.Build.0 = Release|Win32
		{096FD6B1-75EC-474B-8839-32383390B4CB}.Debug|Any CPU.ActiveCfg = Debug|Win32
		{096FD6B1-75EC-474B-8839-32383390B4CB}.Debug|x64.ActiveCfg = Debug|x64
		{096FD6B1-75EC-474B-8839-32383390B4CB}.Debug|x64.Build.0 = Debug|x64
		{096FD6B1-75EC-474B-8839-32383390B4CB}.Debug|x86.ActiveCfg = Debug|Win32
		{096FD6B1-75EC-474B-8839-32383390B4CB}.Debug|x86.Build.0 = Debug|Win32
		{096FD6B1-75EC-474B-8839-32383390B4CB}.Release|Any CPU.ActiveCfg = Release|Win32
		{096FD6B1-75EC-474B-8839-32383390B4CB}.Release|x64.ActiveCfg = Release|x64
		{096FD6B1-75EC-474B-8839-32383390B4CB}.Release|x64.Build.0 = Release|x64
		{096FD6B1-75EC-474B-8839-32383390B4CB}.Release|x86.ActiveCfg = Release|Win32
		{096FD6B1-75EC-474B-8839-32383390B4CB}.Release|x86.Build.0 = Release|Win32
		{CB83C697-0A44-4BB3-AD4D-CD9747204B1C}.Debug|Any CPU.ActiveCfg = Debug|Win32
		{CB83C697-0A44-4BB3-AD4D-CD9747204B1C}.Debug|x64.ActiveCfg = Debug|x64
		{CB83C697-0A44-4BB3-AD4D-CD9747204B1C}.Debug|x64.Build.0 = Debug|x64
		{CB83C697-0A44-4BB3-AD4D-CD9747204B1C}.Debug|x86.ActiveCfg = Debug|Win32
		{CB83C697-0A44-4BB3-AD4D-CD9747204B1C}.Debug|x86.Build.0 = Debug|Win32
		{CB83C697-0A44-4BB3-AD4D-CD9747204B1C}.Release|Any CPU.ActiveCfg = Release|Win32
		{CB83C697-0A44-4BB3-AD4D-CD9747204B1C}.Release|x64.ActiveCfg = Release|x64
		{CB83C697-0A44-4BB3-AD4D-CD9747204B1C}.Release|x64.Build.0 = Release|x64
		{CB83C697-0A44-4BB3-AD4D-CD9747204B1C}.Release|x86.ActiveCfg = Release|Win32
		{CB83C697-0A44-4BB3-AD4D-CD9747204B1C}.Release|x86.Build.0 = Release|Win32
		{8B13FDFF-1596-433E-AAF8-2ACF5A076A5C}.Debug|Any CPU.ActiveCfg = Debug|Win32
		{8B13FDFF-1596-433E-AAF8-2ACF5A076A5C}.Debug|x64.ActiveCfg = Debug|x64
		{8B13FDFF-1596-433E-AAF8-2ACF5A076A5C}.Debug|x64.Build.0 = Debug|x64
		{8B13FDFF-1596-433E-AAF8-2ACF5A076A5C}.Debug|x86.ActiveCfg = Debug|Win32
		{8B13FDFF-1596-433E-AAF8-2ACF5A076A5C}.Debug|x86.Build.0 = Debug|Win32
		{8B13FDFF-1596-433E-AAF8-2ACF5A076A5C}.Release|Any CPU.ActiveCfg = Release|Win32
		{8B13FDFF-1596-433E-AAF8-2ACF5A076A5C}.Release|x64.ActiveCfg = Release|x64
		{8B13FDFF-1596-433E-AAF8-2ACF5A076A5C}.Release|x64.Build.0 = Release|x64
		{8B13FDFF-1596-433E-AAF8-2ACF5A076A5C}.Release|x86.ActiveCfg = Release|Win32
		{8B13FDFF-1596-433E-AAF8-2ACF5A076A5C}.Release|x86.Build.0 = Release|Win32
		{7D93D944-92DF-492F-B02C-D3BE25FB4EEF}.Debug|Any CPU.ActiveCfg = Debug|Win32
		{7D93D944-92DF-492F-B02C-D3BE25FB4EEF}.Debug|x64.ActiveCfg = Debug|x64
		{7D93D944-92DF-492F-B02C-D3BE25FB4EEF}.Debug|x64.Build.0 = Debug|x64
		{7D93D944-92DF-492F-B02C-D3BE25FB4EEF}.Debug|x86.ActiveCfg = Debug|Win32
		{7D93D944-92DF-492F-B02C-D3BE25FB4EEF}.Debug|x86.Build.0 = Debug|Win32
		{7D93D944-92DF-492F-B02C-D3BE25FB4EEF}.Release|Any CPU.ActiveCfg = Release|Win32
		{7D93D944-92DF-492F-B02C-D3BE25FB4EEF}.Release|x64.ActiveCfg = Release|x64
		{7D93D944-92DF-492F-B02C-D3BE25FB4EEF}.Release|x64.Build.0 = Release|x64
		{7D93D944-92DF-492F-B02C-D3BE25FB4EEF}.Release|x86.ActiveCfg = Release|Win32
		{7D93D944-92DF-492F-B02C-D3BE25FB4EEF}.Release|x86.Build.0 = Release|Win32
		{1D71C122-672F-4E73-AEEF-E03FB0C6B5CE}.Debug|Any CPU.ActiveCfg = Debug|Win32
		{1D71C122-672F-4E73-AEEF-E03FB0C6B5CE}.Debug|x64.ActiveCfg = Debug|x64
		{1D71C122-672F-4E73-AEEF-E03FB0C6B5CE}.Debug|x64.Build.0 = Debug|x64
		{1D71C122-672F-4E73-AEEF-E03FB0C6B5CE}.Debug|x86.ActiveCfg = Debug|Win32
		{1D71C122-672F-4E73-AEEF-E03FB0C6B5CE}.Debug|x86.Build.0 = Debug|Win32
		{1D71C122-672F-4E73-AEEF-E03FB0C6B5CE}.Release|Any CPU.ActiveCfg = Release|Win32
		{1D71C122-672F-4E73-AEEF-E03FB0C6B5CE}.Release|x64.ActiveCfg = Release|x64
		{1D71C122-672F-4E73-AEEF-E03FB0C6B5CE}.Release|x64.Build.0 = Release|x64
		{1D71C122-672F-4E73-AEEF-E03FB0C6B5CE}.Release|x86.ActiveCfg = Release|Win32
		{1D71C122-672F-4E73-AEEF-E03FB0C6B5CE}.Release|x86.Build.0 = Release|Win32
		{5B18AAB1-F9CA-4300-A5FC-CECFE9F814BD}.Debug|Any CPU.ActiveCfg = Debug|Win32
		{5B18AAB1-F9CA-4300-A5FC-CECFE9F814BD}.Debug|x64.ActiveCfg = Debug|x64
		{5B18AAB1-F9CA-4300-A5FC-CECFE9F814BD}.Debug|x64.Build.0 = Debug|x64
		{5B18AAB1-F9CA-4300-A5FC-CECFE9F814BD}.Debug|x86.ActiveCfg = Debug|Win32
		{5B18AAB1-F9CA-4300-A5FC-CECFE9F814BD}.Debug|x86.Build.0 = Debug|Win32
		{5B18AAB1-F9CA-4300-A5FC-CECFE9F814BD}.Release|Any CPU.ActiveCfg = Release|Win32
		{5B18AAB1-F9CA-4300-A5FC-CECFE9F814BD}.Release|x64.ActiveCfg = Release|x64
		{5B18AAB1-F9CA-4300-A5FC-CECFE9F814BD}.Release|x64.Build.0 = Release|x64
		{5B18AAB1-F9CA-4300-A5FC-CECFE9F814BD}.Release|x86.ActiveCfg = Release|Win32
		{5B18AAB1-F9CA-4300-A5FC-CECFE9F814BD}.Release|x86.Build.0 = Release|Win32
		{C9103EB0-01BB-4EB7-B329-516EFA6640E6}.Debug|Any CPU.ActiveCfg = Debug|Win32
		{C9103EB0-01BB-4EB7-B329-516EFA6640E6}.Debug|x64.ActiveCfg = Debug|x64
		{C9103EB0-01BB-4EB7-B329-516EFA6640E6}.Debug|x64.Build.0 = Debug|x64
		{C9103EB0-01BB-4EB7-B329-516EFA6640E6}.Debug|x86.ActiveCfg = Debug|Win32
		{C9103EB0-01BB-4EB7-B329-516EFA6640E6}.Debug|x86.Build.0 = Debug|Win32
		{C9103EB0-01BB-4EB7-B329-516EFA6640E6}.Release|Any CPU.ActiveCfg = Release|Win32
		{C9103EB0-01BB-4EB7-B329-516EFA6640E6}.Release|x64.ActiveCfg = Release|x64
		{C9103EB0-01BB-4EB7-B329-516EFA6640E6}.Release|x64.Build.0 = Release|x64
		{C9103EB0-01BB-4EB7-B329-516EFA6640E6}.Release|x86.ActiveCfg = Release|Win32
		{C9103EB0-01BB-4EB7-B329-516EFA6640E6}.Release|x86.Build.0 = Release|Win32
		{5A87808C-64C2-44FB-8A8F-19560B8A7D8C}.Debug|Any CPU.ActiveCfg = Debug|Win32
		{5A87808C-64C2-44FB-8A8F-19560B8A7D8C}.Debug|x64.ActiveCfg = Debug|x64
		{5A87808C-64C2-44FB-8A8F-19560B8A7D8C}.Debug|x64.Build.0 = Debug|x64
		{5A87808C-64C2-44FB-8A8F-19560B8A7D8C}.Debug|x86.ActiveCfg = Debug|Win32
		{5A87808C-64C2-44FB-8A8F-19560B8A7D8C}.Debug|x86.Build.0 = Debug|Win32
		{5A87808C-64C2-44FB-8A8F-19560B8A7D8C}.Release|Any CPU.ActiveCfg = Release|Win32
		{5A87808C-64C2-44FB-8A8F-19560B8A7D8C}.Release|x64.ActiveCfg = Release|x64
		{5A87808C-64C2-44FB-8A8F-19560B8A7D8C}.Release|x64.Build.0 = Release|x64
		{5A87808C-64C2-44FB-8A8F-19560B8A7D8C}.Release|x86.ActiveCfg = Release|Win32
		{5A87808C-64C2-44FB-8A8F-19560B8A7D8C}.Release|x86.Build.0 = Release|Win32
		{4AD7A448-1897-4396-A465-AB23A77CC9DF}.Debug|Any CPU.ActiveCfg = Debug|Win32
		{4AD7A448-1897-4396-A465-AB23A77CC9DF}.Debug|x64.ActiveCfg = Debug|x64
		{4AD7A448-1897-4396-A465-AB23A77CC9DF}.Debug|x64.Build.0 = Debug|x64
		{4AD7A448-1897-4396-A465-AB23A77CC9DF}.Debug|x86.ActiveCfg = Debug|Win32
		{4AD7A448-1897-4396-A465-AB23A77CC9DF}.Debug|x86.Build.0 = Debug|Win32
		{4AD7A448-1897-4396-A465-AB23A77CC9DF}.Release|Any CPU.ActiveCfg = Release|Win32
		{4AD7A448-1897-4396-A465-AB23A77CC9DF}.Release|x64.ActiveCfg = Release|x64
		{4AD7A448-1897-4396-A465-AB23A77CC9DF}.Release|x64.Build.0 = Release|x64
		{4AD7A448-1897-4396-A465-AB23A77CC9DF}.Release|x86.ActiveCfg = Release|Win32
		{4AD7A448-1897-4396-A465-AB23A77CC9DF}.Release|x86.Build.0 = Release|Win32
		{84E8B358-7D3B-4433-8A01-EDC7CEFED9BE}.Debug|Any CPU.ActiveCfg = Debug|Win32
		{84E8B358-7D3B-4433-8A01-EDC7CEFED9BE}.Debug|x64.ActiveCfg = Debug|x64
		{84E8B358-7D3B-4433-8A01-EDC7CEFED9BE}.Debug|x64.Build.0 = Debug|x64
		{84E8B358-7D3B-4433-8A01-EDC7CEFED9BE}.Debug|x86.ActiveCfg = Debug|Win32
		{84E8B358-7D3B-4433-8A01-EDC7CEFED9BE}.Debug|x86.Build.0 = Debug|Win32
		{84E8B358-7D3B-4433-8A01-EDC7CEFED9BE}.Release|Any CPU.ActiveCfg = Release|Win32
		{84E8B358-7D3B-4433-8A01-EDC7CEFED9BE}.Release|x64.ActiveCfg = Release|x64
		{84E8B358-7D3B-4433-8A01-EDC7CEFED9BE}.Release|x64.Build.0 = Release|x64
		{84E8B358-7D3B-4433-8A01-EDC7CEFED9BE}.Release|x86.ActiveCfg = Release|Win32
		{84E8B358-7D3B-4433-8A01-EDC7CEFED9BE}.Release|x86.Build.0 = Release|Win32
		{AFF30E75-5574-4BD4-8106-E215C0BC1D81}.Debug|Any CPU.ActiveCfg = Debug|Win32
		{AFF30E75-5574-4BD4-8106-E215C0BC1D81}.Debug|x64.ActiveCfg = Debug|x64
		{AFF30E75-5574-4BD4-8106-E215C0BC1D81}.Debug|x64.Build.0 = Debug|x64
		{AFF30E75-5574-4BD4-8106-E215C0BC1D81}.Debug|x86.ActiveCfg = Debug|Win32
		{AFF30E75-5574-4BD4-8106-E215C0BC1D81}.Debug|x86.Build.0 = Debug|Win32
		{AFF30E75-5574-4BD4-8106-E215C0BC1D81}.Release|Any CPU.ActiveCfg = Release|Win32
		{AFF30E75-5574-4BD4-8106-E215C0BC1D81}.Release|x64.ActiveCfg = Release|x64
		{AFF30E75-5574-4BD4-8106-E215C0BC1D81}.Release|x64.Build.0 = Release|x64
		{AFF30E75-5574-4BD4-8106-E215C0BC1D81}.Release|x86.ActiveCfg = Release|Win32
		{AFF30E75-5574-4BD4-8106-E215C0BC1D81}.Release|x86.Build.0 = Release|Win32
		{092B92AE-99E5-4724-831C-1C49314D8AA9}.Debug|Any CPU.ActiveCfg = Debug|Win32
		{092B92AE-99E5-4724-831C-1C49314D8AA9}.Debug|x64.ActiveCfg = Debug|x64
		{092B92AE-99E5-4724-831C-1C49314D8AA9}.Debug|x64.Build.0 = Debug|x64
		{092B92AE-99E5-4724-831C-1C49314D8AA9}.Debug|x86.ActiveCfg = Debug|Win32
		{092B92AE-99E5-4724-831C-1C49314D8AA9}.Debug|x86.Build.0 = Debug|Win32
		{092B92AE-99E5-4724-831C-1C49314D8AA9}.Release|Any CPU.ActiveCfg = Release|Win32
		{092B92AE-99E5-4724-831C-1C49314D8AA9}.Release|x64.ActiveCfg = Release|x64
		{092B92AE-99E5-4724-831C-1C49314D8AA9}.Release|x64.Build.0 = Release|x64
		{092B92AE-99E5-4724-831C-1C49314D8AA9}.Release|x86.ActiveCfg = Release|Win32
		{092B92AE-99E5-4724-831C-1C49314D8AA9}.Release|x86.Build.0 = Release|Win32
		{D914E730-6424-46EC-92A4-22E3790BDA64}.Debug|Any CPU.ActiveCfg = Debug|Win32
		{D914E730-6424-46EC-92A4-22E3790BDA64}.Debug|x64.ActiveCfg = Debug|x64
		{D914E730-6424-46EC-92A4-22E3790BDA64}.Debug|x64.Build.0 = Debug|x64
		{D914E730-6424-46EC-92A4-22E3790BDA64}.Debug|x86.ActiveCfg = Debug|Win32
		{D914E730-6424-46EC-92A4-22E3790BDA64}.Debug|x86.Build.0 = Debug|Win32
		{D914E730-6424-46EC-92A4-22E3790BDA64}.Release|Any CPU.ActiveCfg = Release|Win32
		{D914E730-6424-46EC-92A4-22E3790BDA64}.Release|x64.ActiveCfg = Release|x64
		{D914E730-6424-46EC-92A4-22E3790BDA64}.Release|x64.Build.0 = Release|x64
		{D914E730-6424-46EC-92A4-22E3790BDA64}.Release|x86.ActiveCfg = Release|Win32
		{D914E730-6424-46EC-92A4-22E3790BDA64}.Release|x86.Build.0 = Release|Win32
		{290DC86D-2AF7-4AD4-A464-1AB737A40626}.Debug|Any CPU.ActiveCfg = Debug|Win32
		{290DC86D-2AF7-4AD4-A464-1AB737A40626}.Debug|x64.ActiveCfg = Debug|x64
		{290DC86D-2AF7-4AD4-A464-1AB737A40626}.Debug|x64.Build.0 = Debug|x64
		{290DC86D-2AF7-4AD4-A464-1AB737A40626}.Debug|x86.ActiveCfg = Debug|Win32
		{290DC86D-2AF7-4AD4-A464-1AB737A40626}.Debug|x86.Build.0 = Debug|Win32
		{290DC86D-2AF7-4AD4-A464-1AB737A40626}.Release|Any CPU.ActiveCfg = Release|Win32
		{290DC86D-2AF7-4AD4-A464-1AB737A40626}.Release|x64.ActiveCfg = Release|x64
		{290DC86D-2AF7-4AD4-A464-1AB737A40626}.Release|x64.Build.0 = Release|x64
		{290DC86D-2AF7-4AD4-A464-1AB737A40626}.Release|x86.ActiveCfg = Release|Win32
		{290DC86D-2AF7-4AD4-A464-1AB737A40626}.Release|x86.Build.0 = Release|Win32
		{00352664-A78F-416C-B3C7-A7ED051FDDE7}.Debug|Any CPU.ActiveCfg = Debug|Win32
		{00352664-A78F-416C-B3C7-A7ED051FDDE7}.Debug|x64.ActiveCfg = Debug|x64
		{00352664-A78F-416C-B3C7-A7ED051FDDE7}.Debug|x64.Build.0 = Debug|x64
		{00352664-A78F-416C-B3C7-A7ED051FDDE7}.Debug|x86.ActiveCfg = Debug|Win32
		{00352664-A78F-416C-B3C7-A7ED051FDDE7}.Debug|x86.Build.0 = Debug|Win32
		{00352664-A78F-416C-B3C7-A7ED051FDDE7}.Release|Any CPU.ActiveCfg = Release|Win32
		{00352664-A78F-416C-B3C7-A7ED051FDDE7}.Release|x64.ActiveCfg = Release|x64
		{00352664-A78F-416C-B3C7-A7ED051FDDE7}.Release|x64.Build.0 = Release|x64
		{00352664-A78F-416C-B3C7-A7ED051FDDE7}.Release|x86.ActiveCfg = Release|Win32
		{00352664-A78F-416C-B3C7-A7ED051FDDE7}.Release|x86.Build.0 = Release|Win32
		{F364400F-D94A-4A9B-9F03-9D0D955AFF18}.Debug|Any CPU.ActiveCfg = Debug|Win32
		{F364400F-D94A-4A9B-9F03-9D0D955AFF18}.Debug|x64.ActiveCfg = Debug|x64
		{F364400F-D94A-4A9B-9F03-9D0D955AFF18}.Debug|x64.Build.0 = Debug|x64
		{F364400F-D94A-4A9B-9F03-9D0D955AFF18}.Debug|x86.ActiveCfg = Debug|Win32
		{F364400F-D94A-4A9B-9F03-9D0D955AFF18}.Debug|x86.Build.0 = Debug|Win32
		{F364400F-D94A-4A9B-9F03-9D0D955AFF18}.Release|Any CPU.ActiveCfg = Release|Win32
		{F364400F-D94A-4A9B-9F03-9D0D955AFF18}.Release|x64.ActiveCfg = Release|x64
		{F364400F-D94A-4A9B-9F03-9D0D955AFF18}.Release|x64.Build.0 = Release|x64
		{F364400F-D94A-4A9B-9F03-9D0D955AFF18}.Release|x86.ActiveCfg = Release|Win32
		{F364400F-D94A-4A9B-9F03-9D0D955AFF18}.Release|x86.Build.0 = Release|Win32
		{7CF286D0-A697-48C9-B242-E9DE2F25C707}.Debug|Any CPU.ActiveCfg = Debug|Win32
		{7CF286D0-A697-48C9-B242-E9DE2F25C707}.Debug|x64.ActiveCfg = Debug|x64
		{7CF286D0-A697-48C9-B242-E9DE2F25C707}.Debug|x64.Build.0 = Debug|x64
		{7CF286D0-A697-48C9-B242-E9DE2F25C707}.Debug|x86.ActiveCfg = Debug|Win32
		{7CF286D0-A697-48C9-B242-E9DE2F25C707}.Debug|x86.Build.0 = Debug|Win32
		{7CF286D0-A697-48C9-B242-E9DE2F25C707}.Release|Any CPU.ActiveCfg = Release|Win32
		{7CF286D0-A697-48C9-B242-E9DE2F25C707}.Release|x64.ActiveCfg = Release|x64
		{7CF286D0-A697-48C9-B242-E9DE2F25C707}.Release|x64.Build.0 = Release|x64
		{7CF286D0-A697-48C9-B242-E9DE2F25C707}.Release|x86.ActiveCfg = Release|Win32
		{7CF286D0-A697-48C9-B242-E9DE2F25C707}.Release|x86.Build.0 = Release|Win32
		{63D9E190-6D03-4D45-9F03-996DF34C21C3}.Debug|Any CPU.ActiveCfg = Debug|Win32
		{63D9E190-6D03-4D45-9F03-996DF34C21C3}.Debug|x64.ActiveCfg = Debug|x64
		{63D9E190-6D03-4D45-9F03-996DF34C21C3}.Debug|x64.Build.0 = Debug|x64
		{63D9E190-6D03-4D45-9F03-996DF34C21C3}.Debug|x86.ActiveCfg = Debug|Win32
		{63D9E190-6D03-4D45-9F03-996DF34C21C3}.Debug|x86.Build.0 = Debug|Win32
		{63D9E190-6D03-4D45-9F03-996DF34C21C3}.Release|Any CPU.ActiveCfg = Release|Win32
		{63D9E190-6D03-4D45-9F03-996DF34C21C3}.Release|x64.ActiveCfg = Release|x64
		{63D9E190-6D03-4D45-9F03-996DF34C21C3}.Release|x64.Build.0 = Release|x64
		{63D9E190-6D03-4D45-9F03-996DF34C21C3}.Release|x86.ActiveCfg = Release|Win32
		{63D9E190-6D03-4D45-9F03-996DF34C21C3}.Release|x86.Build.0 = Release|Win32
		{363B83EC-8B7C-4A02-8E97-B1ADC6072E74}.Debug|Any CPU.ActiveCfg = Debug|Win32
		{363B83EC-8B7C-4A02-8E97-B1ADC6072E74}.Debug|x64.ActiveCfg = Debug|x64
		{363B83EC-8B7C-4A02-8E97-B1ADC6072E74}.Debug|x64.Build.0 = Debug|x64
		{363B83EC-8B7C-4A02-8E97-B1ADC6072E74}.Debug|x86.ActiveCfg = Debug|Win32
		{363B83EC-8B7C-4A02-8E97-B1ADC6072E74}.Debug|x86.Build.0 = Debug|Win32
		{363B83EC-8B7C-4A02-8E97-B1ADC6072E74}.Release|Any CPU.ActiveCfg = Release|Win32
		{363B83EC-8B7C-4A02-8E97-B1ADC6072E74}.Release|x64.ActiveCfg = Release|x64
		{363B83EC-8B7C-4A02-8E97-B1ADC6072E74}.Release|x64.Build.0 = Release|x64
		{363B83EC-8B7C-4A02-8E97-B1ADC6072E74}.Release|x86.ActiveCfg = Release|Win32
		{363B83EC-8B7C-4A02-8E97-B1ADC6072E74}.Release|x86.Build.0 = Release|Win32
		{17641F3A-E4BF-4B93-8C01-B0F96879C88F}.Debug|Any CPU.ActiveCfg = Debug|Win32
		{17641F3A-E4BF-4B93-8C01-B0F96879C88F}.Debug|x64.ActiveCfg = Debug|x64
		{17641F3A-E4BF-4B93-8C01-B0F96879C88F}.Debug|x64.Build.0 = Debug|x64
		{17641F3A-E4BF-4B93-8C01-B0F96879C88F}.Debug|x86.ActiveCfg = Debug|Win32
		{17641F3A-E4BF-4B93-8C01-B0F96879C88F}.Debug|x86.Build.0 = Debug|Win32
		{17641F3A-E4BF-4B93-8C01-B0F96879C88F}.Release|Any CPU.ActiveCfg = Release|Win32
		{17641F3A-E4BF-4B93-8C01-B0F96879C88F}.Release|x64.ActiveCfg = Release|x64
		{17641F3A-E4BF-4B93-8C01-B0F96879C88F}.Release|x64.Build.0 = Release|x64
		{17641F3A-E4BF-4B93-8C01-B0F96879C88F}.Release|x86.ActiveCfg = Release|Win32
		{17641F3A-E4BF-4B93-8C01-B0F96879C88F}.Release|x86.Build.0 = Release|Win32
	EndGlobalSection
	GlobalSection(SolutionProperties) = preSolution
		HideSolutionNode = FALSE
	EndGlobalSection
	GlobalSection(NestedProjects) = preSolution
		{FA8D30DE-C2B2-437B-B107-0E1F936FFE9A} = {89CD928F-BF61-437D-BB64-3520F09D4F1C}
		{7DC38BB4-CB0C-4B30-B891-805BDAED8886} = {89CD928F-BF61-437D-BB64-3520F09D4F1C}
		{903FA1E8-0C5F-49D0-B7DE-6A3C47AC2848} = {89CD928F-BF61-437D-BB64-3520F09D4F1C}
		{1C03CCC5-E595-4132-B524-1284732C0C6B} = {89CD928F-BF61-437D-BB64-3520F09D4F1C}
		{BD8BC228-9B21-424E-9876-A102260ADC0F} = {89CD928F-BF61-437D-BB64-3520F09D4F1C}
		{FA1A77F5-8AC1-4B6F-B228-F2367E1DD592} = {89CD928F-BF61-437D-BB64-3520F09D4F1C}
		{B15C77BB-1A3B-4C03-8468-D504E3E2FED9} = {89CD928F-BF61-437D-BB64-3520F09D4F1C}
		{533E06BF-D20A-4631-A06B-6C31E507A97E} = {89CD928F-BF61-437D-BB64-3520F09D4F1C}
		{1DFECC66-10D5-4BE7-ABB1-3DFBEFC19377} = {89CD928F-BF61-437D-BB64-3520F09D4F1C}
		{6C4306B6-8E10-4047-AFCA-15F9F7163933} = {89CD928F-BF61-437D-BB64-3520F09D4F1C}
		{75CCE6DA-7D32-4E67-AF61-FBDCBB44A919} = {89CD928F-BF61-437D-BB64-3520F09D4F1C}
		{0308D925-50FD-4145-AAE3-613146E6D424} = {89CD928F-BF61-437D-BB64-3520F09D4F1C}
		{C4DCA339-1736-45C6-B832-7CEAD9D99E2D} = {89CD928F-BF61-437D-BB64-3520F09D4F1C}
		{9927E728-48FB-4F32-9CD9-1B82101A0C92} = {89CD928F-BF61-437D-BB64-3520F09D4F1C}
		{6759B16D-4FA9-4501-94F5-E79AE4D28516} = {89CD928F-BF61-437D-BB64-3520F09D4F1C}
		{D51EADCE-20EA-4753-AC82-ED4A609F6833} = {89CD928F-BF61-437D-BB64-3520F09D4F1C}
		{12D5E653-2E9D-4799-BCDA-B13A50F09535} = {89CD928F-BF61-437D-BB64-3520F09D4F1C}
		{9E406185-6710-4041-A27D-772B1FB48CA4} = {B3D2F5A3-D31E-434A-BE83-80B27D2EAA73}
		{771D20A3-A82C-49F3-912A-1CB04DB81B9D} = {9E406185-6710-4041-A27D-772B1FB48CA4}
		{9256021F-0407-4AE4-BD2B-CA4545A7BD2A} = {9E406185-6710-4041-A27D-772B1FB48CA4}
		{6C34735C-F692-48BA-862E-DCB0BCA0E5CB} = {9E406185-6710-4041-A27D-772B1FB48CA4}
		{776039B0-716E-4AEB-8BD6-AF951A9246C3} = {9E406185-6710-4041-A27D-772B1FB48CA4}
		{0EBAD582-C4F2-4106-91EB-163824049975} = {9E406185-6710-4041-A27D-772B1FB48CA4}
		{359065A0-2481-41A3-8326-11F658925A59} = {9E406185-6710-4041-A27D-772B1FB48CA4}
		{22B7A5E5-58C9-48CF-BE0A-7C3A3B792DC3} = {9E406185-6710-4041-A27D-772B1FB48CA4}
		{7C28B12B-68DA-40C6-B0E1-96C5A2C076AF} = {9E406185-6710-4041-A27D-772B1FB48CA4}
		{CEED6F36-50F8-4826-9187-FAA0A19D2A47} = {B3D2F5A3-D31E-434A-BE83-80B27D2EAA73}
		{FACBA436-B3CC-47D3-AC16-3789394A1E0E} = {CEED6F36-50F8-4826-9187-FAA0A19D2A47}
		{09AC178C-FE3C-44EF-A3B2-C8E5371E05F7} = {CEED6F36-50F8-4826-9187-FAA0A19D2A47}
		{9188DB30-D070-4A14-A15E-871E1D525CED} = {CEED6F36-50F8-4826-9187-FAA0A19D2A47}
		{9E952497-8B7C-4E65-A422-CC6390D98B3A} = {CEED6F36-50F8-4826-9187-FAA0A19D2A47}
		{450DC318-07CF-4104-9774-6411977ED095} = {CEED6F36-50F8-4826-9187-FAA0A19D2A47}
		{DF385DDC-918F-4F92-8065-C53996AFC3A2} = {89CD928F-BF61-437D-BB64-3520F09D4F1C}
		{CF607606-8198-4FAB-A820-A734B3C8CAB6} = {89CD928F-BF61-437D-BB64-3520F09D4F1C}
		{CA5542C1-D4B4-471C-9B07-0E71A5AEFB07} = {89CD928F-BF61-437D-BB64-3520F09D4F1C}
		{0BB4D96C-6BD2-4755-AC98-18AC3C89F80D} = {CEED6F36-50F8-4826-9187-FAA0A19D2A47}
		{D335ADFA-CD28-476A-94D5-D85B2C6BF21D} = {89CD928F-BF61-437D-BB64-3520F09D4F1C}
		{878AD03D-6834-4476-80D3-17BE035CA6FB} = {89CD928F-BF61-437D-BB64-3520F09D4F1C}
		{26F2020E-C204-46C9-8661-22F04096DE99} = {89CD928F-BF61-437D-BB64-3520F09D4F1C}
		{13347197-2716-4EB3-B0FC-0BD3F658FCEA} = {89CD928F-BF61-437D-BB64-3520F09D4F1C}
		{2218EE5F-BCD2-4494-BBB3-28F1338C9D64} = {CEED6F36-50F8-4826-9187-FAA0A19D2A47}
		{0E8212D5-B88F-4383-AC6B-6EDDA28D6001} = {89CD928F-BF61-437D-BB64-3520F09D4F1C}
		{B936E022-D44C-4F84-9299-77634BB94B23} = {89CD928F-BF61-437D-BB64-3520F09D4F1C}
		{E27E26C5-E201-4F94-B4A1-CF974CAD59E1} = {89CD928F-BF61-437D-BB64-3520F09D4F1C}
		{A4443091-6F2B-4D44-ACD0-A862518EAFEA} = {89CD928F-BF61-437D-BB64-3520F09D4F1C}
		{99B8D4E0-82E8-4B0A-A6B8-480FB7AA00D4} = {CEED6F36-50F8-4826-9187-FAA0A19D2A47}
		{F797A995-919C-4308-ADEC-68FF198D39B7} = {CEED6F36-50F8-4826-9187-FAA0A19D2A47}
		{D5CCB715-04ED-4589-A1FD-EED8DD1E4A89} = {CEED6F36-50F8-4826-9187-FAA0A19D2A47}
		{41FEA6EF-16E2-472B-8049-62654CF621C8} = {CEED6F36-50F8-4826-9187-FAA0A19D2A47}
		{7A5FD81B-90AD-499A-AEB1-C713499FAD2B} = {CEED6F36-50F8-4826-9187-FAA0A19D2A47}
		{D7C41140-90D6-4CE9-ADFE-EE5614C86B3D} = {CEED6F36-50F8-4826-9187-FAA0A19D2A47}
		{71BB9211-F53E-44B0-BE96-D12AADC4CF59} = {89CD928F-BF61-437D-BB64-3520F09D4F1C}
		{A89B241B-26BD-474F-A4C8-5E3DFD6291F9} = {89CD928F-BF61-437D-BB64-3520F09D4F1C}
		{1A7CF28B-9B59-4FB3-9FAF-CAFF9CC30A7F} = {89CD928F-BF61-437D-BB64-3520F09D4F1C}
		{714C3C33-E367-44B8-B135-0676D24BC1AD} = {89CD928F-BF61-437D-BB64-3520F09D4F1C}
		{12DF64D2-7439-4958-86EF-B6A92F044E62} = {89CD928F-BF61-437D-BB64-3520F09D4F1C}
		{CF694CAB-66DC-4D37-A597-BCF2904EB98C} = {89CD928F-BF61-437D-BB64-3520F09D4F1C}
		{01491418-E6A4-4846-80E7-6B4C7BA31684} = {89CD928F-BF61-437D-BB64-3520F09D4F1C}
		{62241348-9EAE-47D7-94AB-1DCF5E08519C} = {89CD928F-BF61-437D-BB64-3520F09D4F1C}
		{F5718972-E39F-420E-B681-45BBD7CE8C2B} = {89CD928F-BF61-437D-BB64-3520F09D4F1C}
		{19704AC7-C3D5-4C30-AB1F-A7A65FBECCA5} = {89CD928F-BF61-437D-BB64-3520F09D4F1C}
		{6DCDCDA9-3D05-4BAB-9564-9009391ECE7C} = {89CD928F-BF61-437D-BB64-3520F09D4F1C}
		{4B4F428E-13F8-4552-9B39-9F48A77E941A} = {89CD928F-BF61-437D-BB64-3520F09D4F1C}
		{096FD6B1-75EC-474B-8839-32383390B4CB} = {89CD928F-BF61-437D-BB64-3520F09D4F1C}
		{CB83C697-0A44-4BB3-AD4D-CD9747204B1C} = {89CD928F-BF61-437D-BB64-3520F09D4F1C}
		{8B13FDFF-1596-433E-AAF8-2ACF5A076A5C} = {89CD928F-BF61-437D-BB64-3520F09D4F1C}
		{7D93D944-92DF-492F-B02C-D3BE25FB4EEF} = {89CD928F-BF61-437D-BB64-3520F09D4F1C}
		{1D71C122-672F-4E73-AEEF-E03FB0C6B5CE} = {89CD928F-BF61-437D-BB64-3520F09D4F1C}
		{5B18AAB1-F9CA-4300-A5FC-CECFE9F814BD} = {89CD928F-BF61-437D-BB64-3520F09D4F1C}
		{C9103EB0-01BB-4EB7-B329-516EFA6640E6} = {89CD928F-BF61-437D-BB64-3520F09D4F1C}
		{5A87808C-64C2-44FB-8A8F-19560B8A7D8C} = {89CD928F-BF61-437D-BB64-3520F09D4F1C}
		{4AD7A448-1897-4396-A465-AB23A77CC9DF} = {89CD928F-BF61-437D-BB64-3520F09D4F1C}
		{84E8B358-7D3B-4433-8A01-EDC7CEFED9BE} = {89CD928F-BF61-437D-BB64-3520F09D4F1C}
		{AFF30E75-5574-4BD4-8106-E215C0BC1D81} = {89CD928F-BF61-437D-BB64-3520F09D4F1C}
		{092B92AE-99E5-4724-831C-1C49314D8AA9} = {89CD928F-BF61-437D-BB64-3520F09D4F1C}
		{D914E730-6424-46EC-92A4-22E3790BDA64} = {89CD928F-BF61-437D-BB64-3520F09D4F1C}
		{290DC86D-2AF7-4AD4-A464-1AB737A40626} = {89CD928F-BF61-437D-BB64-3520F09D4F1C}
		{00352664-A78F-416C-B3C7-A7ED051FDDE7} = {89CD928F-BF61-437D-BB64-3520F09D4F1C}
		{F364400F-D94A-4A9B-9F03-9D0D955AFF18} = {89CD928F-BF61-437D-BB64-3520F09D4F1C}
		{7CF286D0-A697-48C9-B242-E9DE2F25C707} = {CEED6F36-50F8-4826-9187-FAA0A19D2A47}
		{63D9E190-6D03-4D45-9F03-996DF34C21C3} = {CEED6F36-50F8-4826-9187-FAA0A19D2A47}
		{363B83EC-8B7C-4A02-8E97-B1ADC6072E74} = {CEED6F36-50F8-4826-9187-FAA0A19D2A47}
		{17641F3A-E4BF-4B93-8C01-B0F96879C88F} = {89CD928F-BF61-437D-BB64-3520F09D4F1C}
	EndGlobalSection
	GlobalSection(ExtensibilityGlobals) = postSolution
		SolutionGuid = {2E4A8E27-FD93-4267-AEEB-FA50FB6806FE}
	EndGlobalSection
EndGlobal
